// !$*UTF8*$!
{
	archiveVersion = 1;
	classes = {
	};
	objectVersion = 55;
	objects = {

/* Begin PBXBuildFile section */
		360F56962720853100BE47FD /* UIView+Extentions.swift in Sources */ = {isa = PBXBuildFile; fileRef = 360F56952720853100BE47FD /* UIView+Extentions.swift */; };
		360F569827208E7700BE47FD /* CustomTableViewData.swift in Sources */ = {isa = PBXBuildFile; fileRef = 360F569727208E7700BE47FD /* CustomTableViewData.swift */; };
		3612875E27202D2E008A174B /* AccountViewModel.swift in Sources */ = {isa = PBXBuildFile; fileRef = 3612875D27202D2E008A174B /* AccountViewModel.swift */; };
		3612876027202D3B008A174B /* AccountViewController.swift in Sources */ = {isa = PBXBuildFile; fileRef = 3612875F27202D3B008A174B /* AccountViewController.swift */; };
		3612876227202D49008A174B /* AccountViewBuilder.swift in Sources */ = {isa = PBXBuildFile; fileRef = 3612876127202D49008A174B /* AccountViewBuilder.swift */; };
		361287822720325C008A174B /* LabelPackDistributionData.swift in Sources */ = {isa = PBXBuildFile; fileRef = 3612877F2720325C008A174B /* LabelPackDistributionData.swift */; };
		361287832720325C008A174B /* LabelPackComponentData.swift in Sources */ = {isa = PBXBuildFile; fileRef = 361287802720325C008A174B /* LabelPackComponentData.swift */; };
		361287842720325C008A174B /* LabelPackComponent.swift in Sources */ = {isa = PBXBuildFile; fileRef = 361287812720325C008A174B /* LabelPackComponent.swift */; };
		3612878A272032E3008A174B /* CustomTableViewCell.swift in Sources */ = {isa = PBXBuildFile; fileRef = 36128786272032E3008A174B /* CustomTableViewCell.swift */; };
		3612878B272032E3008A174B /* CustomTableViewCellData.swift in Sources */ = {isa = PBXBuildFile; fileRef = 36128787272032E3008A174B /* CustomTableViewCellData.swift */; };
		3612878C272032E3008A174B /* CustomTableView.swift in Sources */ = {isa = PBXBuildFile; fileRef = 36128788272032E3008A174B /* CustomTableView.swift */; };
		3612878D272032E3008A174B /* CustomTableViewProtocol.swift in Sources */ = {isa = PBXBuildFile; fileRef = 36128789272032E3008A174B /* CustomTableViewProtocol.swift */; };
		3612878F272033B8008A174B /* SFSymbolsHelper.swift in Sources */ = {isa = PBXBuildFile; fileRef = 3612878E272033B8008A174B /* SFSymbolsHelper.swift */; };
		3612879127204084008A174B /* GenericRowType.swift in Sources */ = {isa = PBXBuildFile; fileRef = 3612879027204084008A174B /* GenericRowType.swift */; };
		361287932720439D008A174B /* AccountViewDataFormatter.swift in Sources */ = {isa = PBXBuildFile; fileRef = 361287922720439D008A174B /* AccountViewDataFormatter.swift */; };
		361287952720454C008A174B /* AccountViewDataFormatterProtocol.swift in Sources */ = {isa = PBXBuildFile; fileRef = 361287942720454C008A174B /* AccountViewDataFormatterProtocol.swift */; };
		3612879927204FE5008A174B /* ViewStates.swift in Sources */ = {isa = PBXBuildFile; fileRef = 3612879827204FE5008A174B /* ViewStates.swift */; };
		3612879C2720781F008A174B /* HeaderView.swift in Sources */ = {isa = PBXBuildFile; fileRef = 3612879B2720781F008A174B /* HeaderView.swift */; };
		3612879E27207827008A174B /* HeaderViewData.swift in Sources */ = {isa = PBXBuildFile; fileRef = 3612879D27207827008A174B /* HeaderViewData.swift */; };
		361287A42720826D008A174B /* ActionButtonType.swift in Sources */ = {isa = PBXBuildFile; fileRef = 361287A02720826D008A174B /* ActionButtonType.swift */; };
		361287A52720826D008A174B /* ActionButtonData.swift in Sources */ = {isa = PBXBuildFile; fileRef = 361287A12720826D008A174B /* ActionButtonData.swift */; };
		361287A62720826D008A174B /* ActionButton.swift in Sources */ = {isa = PBXBuildFile; fileRef = 361287A22720826D008A174B /* ActionButton.swift */; };
		361287A72720826D008A174B /* ActionButtonTheme.swift in Sources */ = {isa = PBXBuildFile; fileRef = 361287A32720826D008A174B /* ActionButtonTheme.swift */; };
		364A597D27396FEC00F152AF /* BaseViewModel.swift in Sources */ = {isa = PBXBuildFile; fileRef = 364A597C27396FEC00F152AF /* BaseViewModel.swift */; };
		366CAC80273D4DFF00B69638 /* ItemCollectionCellView.swift in Sources */ = {isa = PBXBuildFile; fileRef = 366CAC7A273D4DFF00B69638 /* ItemCollectionCellView.swift */; };
		366CAC81273D4DFF00B69638 /* LoadingCellView.swift in Sources */ = {isa = PBXBuildFile; fileRef = 366CAC7C273D4DFF00B69638 /* LoadingCellView.swift */; };
		366CAC82273D4DFF00B69638 /* ItemCollectionViewData.swift in Sources */ = {isa = PBXBuildFile; fileRef = 366CAC7E273D4DFF00B69638 /* ItemCollectionViewData.swift */; };
		366CAC83273D4DFF00B69638 /* ItemCollectionView.swift in Sources */ = {isa = PBXBuildFile; fileRef = 366CAC7F273D4DFF00B69638 /* ItemCollectionView.swift */; };
		366CAC87273D50A700B69638 /* EmptyBackgroundViewData.swift in Sources */ = {isa = PBXBuildFile; fileRef = 366CAC85273D50A700B69638 /* EmptyBackgroundViewData.swift */; };
		366CAC88273D50A700B69638 /* EmptyBackgroundView.swift in Sources */ = {isa = PBXBuildFile; fileRef = 366CAC86273D50A700B69638 /* EmptyBackgroundView.swift */; };
		366CAC8A273D50D800B69638 /* BaseCollectionViewCell.swift in Sources */ = {isa = PBXBuildFile; fileRef = 366CAC89273D50D800B69638 /* BaseCollectionViewCell.swift */; };
		366CAC8C273D511500B69638 /* ItemProviderProtocol.swift in Sources */ = {isa = PBXBuildFile; fileRef = 366CAC8B273D511500B69638 /* ItemProviderProtocol.swift */; };
		366CAC90273D518600B69638 /* ContentDisplayerViewData.swift in Sources */ = {isa = PBXBuildFile; fileRef = 366CAC8E273D518600B69638 /* ContentDisplayerViewData.swift */; };
		366CAC91273D518600B69638 /* ContentDisplayerView.swift in Sources */ = {isa = PBXBuildFile; fileRef = 366CAC8F273D518600B69638 /* ContentDisplayerView.swift */; };
		366CAC97273D51AD00B69638 /* CustomImageViewComponentContainer.swift in Sources */ = {isa = PBXBuildFile; fileRef = 366CAC93273D51AD00B69638 /* CustomImageViewComponentContainer.swift */; };
		366CAC98273D51AD00B69638 /* CustomImageViewComponentData.swift in Sources */ = {isa = PBXBuildFile; fileRef = 366CAC94273D51AD00B69638 /* CustomImageViewComponentData.swift */; };
		366CAC99273D51AD00B69638 /* CustomImageViewComponent.swift in Sources */ = {isa = PBXBuildFile; fileRef = 366CAC95273D51AD00B69638 /* CustomImageViewComponent.swift */; };
		366CAC9A273D51AD00B69638 /* CustomImageLoadingType.swift in Sources */ = {isa = PBXBuildFile; fileRef = 366CAC96273D51AD00B69638 /* CustomImageLoadingType.swift */; };
		366CAC9D273D51CC00B69638 /* ImageCacheManager.swift in Sources */ = {isa = PBXBuildFile; fileRef = 366CAC9C273D51CC00B69638 /* ImageCacheManager.swift */; };
		366CACA3273D627000B69638 /* PaginationInfo.swift in Sources */ = {isa = PBXBuildFile; fileRef = 366CAC9F273D627000B69638 /* PaginationInfo.swift */; };
		366CACA4273D627000B69638 /* CharacterDetailRequest.swift in Sources */ = {isa = PBXBuildFile; fileRef = 366CACA0273D627000B69638 /* CharacterDetailRequest.swift */; };
		366CACA5273D627000B69638 /* CharacterDataResponse.swift in Sources */ = {isa = PBXBuildFile; fileRef = 366CACA1273D627000B69638 /* CharacterDataResponse.swift */; };
		366CACA6273D627000B69638 /* CharacterDataRequest.swift in Sources */ = {isa = PBXBuildFile; fileRef = 366CACA2273D627000B69638 /* CharacterDataRequest.swift */; };
		366CACB3273D647100B69638 /* CharacterDetailServiceProvider.swift in Sources */ = {isa = PBXBuildFile; fileRef = 366CACB0273D647100B69638 /* CharacterDetailServiceProvider.swift */; };
		366CACB4273D647100B69638 /* CharacterListServiceProvider.swift in Sources */ = {isa = PBXBuildFile; fileRef = 366CACB2273D647100B69638 /* CharacterListServiceProvider.swift */; };
		366CACB9273D64D200B69638 /* AccessProviderProtocol.swift in Sources */ = {isa = PBXBuildFile; fileRef = 366CACB6273D64D200B69638 /* AccessProviderProtocol.swift */; };
		366CACBA273D64D200B69638 /* AccessProviderManager.swift in Sources */ = {isa = PBXBuildFile; fileRef = 366CACB7273D64D200B69638 /* AccessProviderManager.swift */; };
		366CACBB273D64D200B69638 /* EndpointHelper.swift in Sources */ = {isa = PBXBuildFile; fileRef = 366CACB8273D64D200B69638 /* EndpointHelper.swift */; };
		366CACBE273D688F00B69638 /* MainViewDataFormatter.swift in Sources */ = {isa = PBXBuildFile; fileRef = 366CACBC273D688E00B69638 /* MainViewDataFormatter.swift */; };
		366CACBF273D688F00B69638 /* MainViewDataFormatterProtocol.swift in Sources */ = {isa = PBXBuildFile; fileRef = 366CACBD273D688E00B69638 /* MainViewDataFormatterProtocol.swift */; };
		366CACC3273D7C7500B69638 /* ApiManagerBuilder.swift in Sources */ = {isa = PBXBuildFile; fileRef = 366CACC1273D7C7500B69638 /* ApiManagerBuilder.swift */; };
		366CACC4273D7C7500B69638 /* ApiCallListenerManager.swift in Sources */ = {isa = PBXBuildFile; fileRef = 366CACC2273D7C7500B69638 /* ApiCallListenerManager.swift */; };
		366CACC8273D7C9E00B69638 /* LottieManagerProtocol.swift in Sources */ = {isa = PBXBuildFile; fileRef = 366CACC6273D7C9E00B69638 /* LottieManagerProtocol.swift */; };
		366CACC9273D7C9E00B69638 /* LottieManager.swift in Sources */ = {isa = PBXBuildFile; fileRef = 366CACC7273D7C9E00B69638 /* LottieManager.swift */; };
		366CACCF273D7CAE00B69638 /* AtomicValue.swift in Sources */ = {isa = PBXBuildFile; fileRef = 366CACCC273D7CAE00B69638 /* AtomicValue.swift */; };
		366CACD0273D7CAE00B69638 /* loading_animation.json in Resources */ = {isa = PBXBuildFile; fileRef = 366CACCE273D7CAE00B69638 /* loading_animation.json */; };
		366CACD3273D7D0700B69638 /* DefaultNetworkOperationPackage in Frameworks */ = {isa = PBXBuildFile; productRef = 366CACD2273D7D0700B69638 /* DefaultNetworkOperationPackage */; };
		366CACD6273D7D4900B69638 /* LottieViewController.swift in Sources */ = {isa = PBXBuildFile; fileRef = 366CACD5273D7D4900B69638 /* LottieViewController.swift */; };
		366CACD9273D7D7D00B69638 /* Lottie in Frameworks */ = {isa = PBXBuildFile; productRef = 366CACD8273D7D7D00B69638 /* Lottie */; };
		366CACE2273D7DC900B69638 /* ItemDetailViewBuilder.swift in Sources */ = {isa = PBXBuildFile; fileRef = 366CACDB273D7DC900B69638 /* ItemDetailViewBuilder.swift */; };
		366CACE3273D7DC900B69638 /* ItemDetailViewPresentationType.swift in Sources */ = {isa = PBXBuildFile; fileRef = 366CACDC273D7DC900B69638 /* ItemDetailViewPresentationType.swift */; };
		366CACE4273D7DC900B69638 /* ItemDetailDataFormatter.swift in Sources */ = {isa = PBXBuildFile; fileRef = 366CACDD273D7DC900B69638 /* ItemDetailDataFormatter.swift */; };
		366CACE5273D7DC900B69638 /* ItemDetailViewController.swift in Sources */ = {isa = PBXBuildFile; fileRef = 366CACDE273D7DC900B69638 /* ItemDetailViewController.swift */; };
		366CACE6273D7DC900B69638 /* ItemDetailDataFormatterProtocol.swift in Sources */ = {isa = PBXBuildFile; fileRef = 366CACDF273D7DC900B69638 /* ItemDetailDataFormatterProtocol.swift */; };
		366CACE7273D7DC900B69638 /* ItemDetailViewRequest.swift in Sources */ = {isa = PBXBuildFile; fileRef = 366CACE0273D7DC900B69638 /* ItemDetailViewRequest.swift */; };
		366CACE8273D7DC900B69638 /* ItemDetailViewModel.swift in Sources */ = {isa = PBXBuildFile; fileRef = 366CACE1273D7DC900B69638 /* ItemDetailViewModel.swift */; };
		366CACEC273D7E3500B69638 /* ItemDetailView.swift in Sources */ = {isa = PBXBuildFile; fileRef = 366CACEA273D7E3500B69638 /* ItemDetailView.swift */; };
		366CACED273D7E3500B69638 /* ItemDetailViewData.swift in Sources */ = {isa = PBXBuildFile; fileRef = 366CACEB273D7E3500B69638 /* ItemDetailViewData.swift */; };
		366CACEF273D7E7D00B69638 /* UIApplication+Extension.swift in Sources */ = {isa = PBXBuildFile; fileRef = 366CACEE273D7E7D00B69638 /* UIApplication+Extension.swift */; };
		3699CE26272181CF002AA011 /* EmailLoginView.swift in Sources */ = {isa = PBXBuildFile; fileRef = 3699CE25272181CF002AA011 /* EmailLoginView.swift */; };
		3699CE28272181D8002AA011 /* EmailLoginViewData.swift in Sources */ = {isa = PBXBuildFile; fileRef = 3699CE27272181D8002AA011 /* EmailLoginViewData.swift */; };
		3699CE2B272183A6002AA011 /* TextFieldView.swift in Sources */ = {isa = PBXBuildFile; fileRef = 3699CE2A272183A6002AA011 /* TextFieldView.swift */; };
		3699CE2D27218411002AA011 /* TextFieldViewData.swift in Sources */ = {isa = PBXBuildFile; fileRef = 3699CE2C27218411002AA011 /* TextFieldViewData.swift */; };
		3699CE3027218923002AA011 /* LoginAuthenticationView.swift in Sources */ = {isa = PBXBuildFile; fileRef = 3699CE2F27218923002AA011 /* LoginAuthenticationView.swift */; };
		3699CE322721892B002AA011 /* LoginAuthenticationViewData.swift in Sources */ = {isa = PBXBuildFile; fileRef = 3699CE312721892B002AA011 /* LoginAuthenticationViewData.swift */; };
		36AF372F271C9BF500B721C4 /* AppDelegate.swift in Sources */ = {isa = PBXBuildFile; fileRef = 36AF372E271C9BF500B721C4 /* AppDelegate.swift */; };
		36AF3739271C9BF500B721C4 /* MasterApplication.xcdatamodeld in Sources */ = {isa = PBXBuildFile; fileRef = 36AF3737271C9BF500B721C4 /* MasterApplication.xcdatamodeld */; };
		36AF373B271C9BF600B721C4 /* Assets.xcassets in Resources */ = {isa = PBXBuildFile; fileRef = 36AF373A271C9BF600B721C4 /* Assets.xcassets */; };
		36AF373E271C9BF600B721C4 /* LaunchScreen.storyboard in Resources */ = {isa = PBXBuildFile; fileRef = 36AF373C271C9BF600B721C4 /* LaunchScreen.storyboard */; };
		36AF3749271C9BF600B721C4 /* MasterApplicationTests.swift in Sources */ = {isa = PBXBuildFile; fileRef = 36AF3748271C9BF600B721C4 /* MasterApplicationTests.swift */; };
		36AF3753271C9BF600B721C4 /* MasterApplicationUITests.swift in Sources */ = {isa = PBXBuildFile; fileRef = 36AF3752271C9BF600B721C4 /* MasterApplicationUITests.swift */; };
		36AF3755271C9BF600B721C4 /* MasterApplicationUITestsLaunchTests.swift in Sources */ = {isa = PBXBuildFile; fileRef = 36AF3754271C9BF600B721C4 /* MasterApplicationUITestsLaunchTests.swift */; };
		36AF3782271C9C0C00B721C4 /* GenericValueProtocol.swift in Sources */ = {isa = PBXBuildFile; fileRef = 36AF3762271C9C0C00B721C4 /* GenericValueProtocol.swift */; };
		36AF3783271C9C0C00B721C4 /* BaseViewController.swift in Sources */ = {isa = PBXBuildFile; fileRef = 36AF3763271C9C0C00B721C4 /* BaseViewController.swift */; };
		36AF3784271C9C0C00B721C4 /* BaseTableViewCell.swift in Sources */ = {isa = PBXBuildFile; fileRef = 36AF3764271C9C0C00B721C4 /* BaseTableViewCell.swift */; };
		36AF3785271C9C0C00B721C4 /* GenericDataProtocol.swift in Sources */ = {isa = PBXBuildFile; fileRef = 36AF3765271C9C0C00B721C4 /* GenericDataProtocol.swift */; };
		36AF3786271C9C0C00B721C4 /* GenericBaseView.swift in Sources */ = {isa = PBXBuildFile; fileRef = 36AF3766271C9C0C00B721C4 /* GenericBaseView.swift */; };
		36AF3787271C9C0C00B721C4 /* BaseView.swift in Sources */ = {isa = PBXBuildFile; fileRef = 36AF3767271C9C0C00B721C4 /* BaseView.swift */; };
		36AF3788271C9C0C00B721C4 /* SplashViewBuilder.swift in Sources */ = {isa = PBXBuildFile; fileRef = 36AF376A271C9C0C00B721C4 /* SplashViewBuilder.swift */; };
		36AF3789271C9C0C00B721C4 /* SplashViewController.swift in Sources */ = {isa = PBXBuildFile; fileRef = 36AF376B271C9C0C00B721C4 /* SplashViewController.swift */; };
		36AF378A271C9C0C00B721C4 /* SplashViewModel.swift in Sources */ = {isa = PBXBuildFile; fileRef = 36AF376C271C9C0C00B721C4 /* SplashViewModel.swift */; };
		36AF378B271C9C0C00B721C4 /* MainFont.swift in Sources */ = {isa = PBXBuildFile; fileRef = 36AF3771271C9C0C00B721C4 /* MainFont.swift */; };
		36AF378C271C9C0C00B721C4 /* Roboto-Medium.ttf in Resources */ = {isa = PBXBuildFile; fileRef = 36AF3773271C9C0C00B721C4 /* Roboto-Medium.ttf */; };
		36AF378D271C9C0C00B721C4 /* Roboto-Light.ttf in Resources */ = {isa = PBXBuildFile; fileRef = 36AF3774271C9C0C00B721C4 /* Roboto-Light.ttf */; };
		36AF378E271C9C0C00B721C4 /* Roboto-Regular.ttf in Resources */ = {isa = PBXBuildFile; fileRef = 36AF3775271C9C0C00B721C4 /* Roboto-Regular.ttf */; };
		36AF378F271C9C0C00B721C4 /* Roboto-MediumItalic.ttf in Resources */ = {isa = PBXBuildFile; fileRef = 36AF3776271C9C0C00B721C4 /* Roboto-MediumItalic.ttf */; };
		36AF3790271C9C0C00B721C4 /* Roboto-ThinItalic.ttf in Resources */ = {isa = PBXBuildFile; fileRef = 36AF3777271C9C0C00B721C4 /* Roboto-ThinItalic.ttf */; };
		36AF3791271C9C0C00B721C4 /* Roboto-BoldItalic.ttf in Resources */ = {isa = PBXBuildFile; fileRef = 36AF3778271C9C0C00B721C4 /* Roboto-BoldItalic.ttf */; };
		36AF3792271C9C0C00B721C4 /* Roboto-LightItalic.ttf in Resources */ = {isa = PBXBuildFile; fileRef = 36AF3779271C9C0C00B721C4 /* Roboto-LightItalic.ttf */; };
		36AF3793271C9C0C00B721C4 /* Roboto-Italic.ttf in Resources */ = {isa = PBXBuildFile; fileRef = 36AF377A271C9C0C00B721C4 /* Roboto-Italic.ttf */; };
		36AF3794271C9C0C00B721C4 /* LICENSE.txt in Resources */ = {isa = PBXBuildFile; fileRef = 36AF377B271C9C0C00B721C4 /* LICENSE.txt */; };
		36AF3795271C9C0C00B721C4 /* Roboto-BlackItalic.ttf in Resources */ = {isa = PBXBuildFile; fileRef = 36AF377C271C9C0C00B721C4 /* Roboto-BlackItalic.ttf */; };
		36AF3796271C9C0C00B721C4 /* Roboto-Bold.ttf in Resources */ = {isa = PBXBuildFile; fileRef = 36AF377D271C9C0C00B721C4 /* Roboto-Bold.ttf */; };
		36AF3797271C9C0C00B721C4 /* Roboto-Thin.ttf in Resources */ = {isa = PBXBuildFile; fileRef = 36AF377E271C9C0C00B721C4 /* Roboto-Thin.ttf */; };
		36AF3798271C9C0C00B721C4 /* Roboto-Black.ttf in Resources */ = {isa = PBXBuildFile; fileRef = 36AF377F271C9C0C00B721C4 /* Roboto-Black.ttf */; };
		36AF3799271C9C0C00B721C4 /* PageViewImages.swift in Sources */ = {isa = PBXBuildFile; fileRef = 36AF3781271C9C0C00B721C4 /* PageViewImages.swift */; };
		36BE18E9271EDB3C00DA4566 /* GoogleService-Info.plist in Resources */ = {isa = PBXBuildFile; fileRef = 36BE18E8271EDB3C00DA4566 /* GoogleService-Info.plist */; };
		36BE18EC271EDC5300DA4566 /* FirebaseAnalytics in Frameworks */ = {isa = PBXBuildFile; productRef = 36BE18EB271EDC5300DA4566 /* FirebaseAnalytics */; };
		36BE18EE271EDC5300DA4566 /* FirebaseAuth in Frameworks */ = {isa = PBXBuildFile; productRef = 36BE18ED271EDC5300DA4566 /* FirebaseAuth */; };
		36BE18F1271EF48B00DA4566 /* MainViewModel.swift in Sources */ = {isa = PBXBuildFile; fileRef = 36BE18F0271EF48B00DA4566 /* MainViewModel.swift */; };
		36BE18F3271EF49300DA4566 /* MainViewController.swift in Sources */ = {isa = PBXBuildFile; fileRef = 36BE18F2271EF49300DA4566 /* MainViewController.swift */; };
		36BE18F5271EF49A00DA4566 /* MainViewBuilder.swift in Sources */ = {isa = PBXBuildFile; fileRef = 36BE18F4271EF49A00DA4566 /* MainViewBuilder.swift */; };
		36BE1900271F1FA700DA4566 /* MainTabBarBuilder.swift in Sources */ = {isa = PBXBuildFile; fileRef = 36BE18FB271F1FA700DA4566 /* MainTabBarBuilder.swift */; };
		36BE1901271F1FA700DA4566 /* MainTabBarController.swift in Sources */ = {isa = PBXBuildFile; fileRef = 36BE18FC271F1FA700DA4566 /* MainTabBarController.swift */; };
		36BE1903271F208000DA4566 /* TabBarImages.swift in Sources */ = {isa = PBXBuildFile; fileRef = 36BE1902271F208000DA4566 /* TabBarImages.swift */; };
		36BE1907271F237B00DA4566 /* AuthenticationManager.swift in Sources */ = {isa = PBXBuildFile; fileRef = 36BE1906271F237B00DA4566 /* AuthenticationManager.swift */; };
		36BE1909271F255B00DA4566 /* AuthenticationManagerProtocol.swift in Sources */ = {isa = PBXBuildFile; fileRef = 36BE1908271F255B00DA4566 /* AuthenticationManagerProtocol.swift */; };
		36BE190C271F290700DA4566 /* LoginViewBuilder.swift in Sources */ = {isa = PBXBuildFile; fileRef = 36BE190B271F290700DA4566 /* LoginViewBuilder.swift */; };
		36BE190E271F291000DA4566 /* LoginViewController.swift in Sources */ = {isa = PBXBuildFile; fileRef = 36BE190D271F291000DA4566 /* LoginViewController.swift */; };
		36BE1910271F291900DA4566 /* LoginViewModel.swift in Sources */ = {isa = PBXBuildFile; fileRef = 36BE190F271F291900DA4566 /* LoginViewModel.swift */; };
		36BE1912271F2E6500DA4566 /* AuthenticationRequest.swift in Sources */ = {isa = PBXBuildFile; fileRef = 36BE1911271F2E6500DA4566 /* AuthenticationRequest.swift */; };
/* End PBXBuildFile section */

/* Begin PBXContainerItemProxy section */
		36AF3745271C9BF600B721C4 /* PBXContainerItemProxy */ = {
			isa = PBXContainerItemProxy;
			containerPortal = 36AF3723271C9BF500B721C4 /* Project object */;
			proxyType = 1;
			remoteGlobalIDString = 36AF372A271C9BF500B721C4;
			remoteInfo = MasterApplication;
		};
		36AF374F271C9BF600B721C4 /* PBXContainerItemProxy */ = {
			isa = PBXContainerItemProxy;
			containerPortal = 36AF3723271C9BF500B721C4 /* Project object */;
			proxyType = 1;
			remoteGlobalIDString = 36AF372A271C9BF500B721C4;
			remoteInfo = MasterApplication;
		};
/* End PBXContainerItemProxy section */

/* Begin PBXFileReference section */
		360F56952720853100BE47FD /* UIView+Extentions.swift */ = {isa = PBXFileReference; fileEncoding = 4; lastKnownFileType = sourcecode.swift; path = "UIView+Extentions.swift"; sourceTree = "<group>"; };
		360F569727208E7700BE47FD /* CustomTableViewData.swift */ = {isa = PBXFileReference; lastKnownFileType = sourcecode.swift; path = CustomTableViewData.swift; sourceTree = "<group>"; };
		3612875D27202D2E008A174B /* AccountViewModel.swift */ = {isa = PBXFileReference; lastKnownFileType = sourcecode.swift; path = AccountViewModel.swift; sourceTree = "<group>"; };
		3612875F27202D3B008A174B /* AccountViewController.swift */ = {isa = PBXFileReference; lastKnownFileType = sourcecode.swift; path = AccountViewController.swift; sourceTree = "<group>"; };
		3612876127202D49008A174B /* AccountViewBuilder.swift */ = {isa = PBXFileReference; lastKnownFileType = sourcecode.swift; path = AccountViewBuilder.swift; sourceTree = "<group>"; };
		3612877F2720325C008A174B /* LabelPackDistributionData.swift */ = {isa = PBXFileReference; fileEncoding = 4; lastKnownFileType = sourcecode.swift; path = LabelPackDistributionData.swift; sourceTree = "<group>"; };
		361287802720325C008A174B /* LabelPackComponentData.swift */ = {isa = PBXFileReference; fileEncoding = 4; lastKnownFileType = sourcecode.swift; path = LabelPackComponentData.swift; sourceTree = "<group>"; };
		361287812720325C008A174B /* LabelPackComponent.swift */ = {isa = PBXFileReference; fileEncoding = 4; lastKnownFileType = sourcecode.swift; path = LabelPackComponent.swift; sourceTree = "<group>"; };
		36128786272032E3008A174B /* CustomTableViewCell.swift */ = {isa = PBXFileReference; fileEncoding = 4; lastKnownFileType = sourcecode.swift; path = CustomTableViewCell.swift; sourceTree = "<group>"; };
		36128787272032E3008A174B /* CustomTableViewCellData.swift */ = {isa = PBXFileReference; fileEncoding = 4; lastKnownFileType = sourcecode.swift; path = CustomTableViewCellData.swift; sourceTree = "<group>"; };
		36128788272032E3008A174B /* CustomTableView.swift */ = {isa = PBXFileReference; fileEncoding = 4; lastKnownFileType = sourcecode.swift; path = CustomTableView.swift; sourceTree = "<group>"; };
		36128789272032E3008A174B /* CustomTableViewProtocol.swift */ = {isa = PBXFileReference; fileEncoding = 4; lastKnownFileType = sourcecode.swift; path = CustomTableViewProtocol.swift; sourceTree = "<group>"; };
		3612878E272033B8008A174B /* SFSymbolsHelper.swift */ = {isa = PBXFileReference; lastKnownFileType = sourcecode.swift; path = SFSymbolsHelper.swift; sourceTree = "<group>"; };
		3612879027204084008A174B /* GenericRowType.swift */ = {isa = PBXFileReference; lastKnownFileType = sourcecode.swift; path = GenericRowType.swift; sourceTree = "<group>"; };
		361287922720439D008A174B /* AccountViewDataFormatter.swift */ = {isa = PBXFileReference; lastKnownFileType = sourcecode.swift; path = AccountViewDataFormatter.swift; sourceTree = "<group>"; };
		361287942720454C008A174B /* AccountViewDataFormatterProtocol.swift */ = {isa = PBXFileReference; lastKnownFileType = sourcecode.swift; path = AccountViewDataFormatterProtocol.swift; sourceTree = "<group>"; };
		3612879827204FE5008A174B /* ViewStates.swift */ = {isa = PBXFileReference; lastKnownFileType = sourcecode.swift; path = ViewStates.swift; sourceTree = "<group>"; };
		3612879B2720781F008A174B /* HeaderView.swift */ = {isa = PBXFileReference; lastKnownFileType = sourcecode.swift; path = HeaderView.swift; sourceTree = "<group>"; };
		3612879D27207827008A174B /* HeaderViewData.swift */ = {isa = PBXFileReference; lastKnownFileType = sourcecode.swift; path = HeaderViewData.swift; sourceTree = "<group>"; };
		361287A02720826D008A174B /* ActionButtonType.swift */ = {isa = PBXFileReference; fileEncoding = 4; lastKnownFileType = sourcecode.swift; path = ActionButtonType.swift; sourceTree = "<group>"; };
		361287A12720826D008A174B /* ActionButtonData.swift */ = {isa = PBXFileReference; fileEncoding = 4; lastKnownFileType = sourcecode.swift; path = ActionButtonData.swift; sourceTree = "<group>"; };
		361287A22720826D008A174B /* ActionButton.swift */ = {isa = PBXFileReference; fileEncoding = 4; lastKnownFileType = sourcecode.swift; path = ActionButton.swift; sourceTree = "<group>"; };
		361287A32720826D008A174B /* ActionButtonTheme.swift */ = {isa = PBXFileReference; fileEncoding = 4; lastKnownFileType = sourcecode.swift; path = ActionButtonTheme.swift; sourceTree = "<group>"; };
		364A597C27396FEC00F152AF /* BaseViewModel.swift */ = {isa = PBXFileReference; lastKnownFileType = sourcecode.swift; path = BaseViewModel.swift; sourceTree = "<group>"; };
		366CAC7A273D4DFF00B69638 /* ItemCollectionCellView.swift */ = {isa = PBXFileReference; fileEncoding = 4; lastKnownFileType = sourcecode.swift; path = ItemCollectionCellView.swift; sourceTree = "<group>"; };
		366CAC7C273D4DFF00B69638 /* LoadingCellView.swift */ = {isa = PBXFileReference; fileEncoding = 4; lastKnownFileType = sourcecode.swift; path = LoadingCellView.swift; sourceTree = "<group>"; };
		366CAC7E273D4DFF00B69638 /* ItemCollectionViewData.swift */ = {isa = PBXFileReference; fileEncoding = 4; lastKnownFileType = sourcecode.swift; path = ItemCollectionViewData.swift; sourceTree = "<group>"; };
		366CAC7F273D4DFF00B69638 /* ItemCollectionView.swift */ = {isa = PBXFileReference; fileEncoding = 4; lastKnownFileType = sourcecode.swift; path = ItemCollectionView.swift; sourceTree = "<group>"; };
		366CAC85273D50A700B69638 /* EmptyBackgroundViewData.swift */ = {isa = PBXFileReference; fileEncoding = 4; lastKnownFileType = sourcecode.swift; path = EmptyBackgroundViewData.swift; sourceTree = "<group>"; };
		366CAC86273D50A700B69638 /* EmptyBackgroundView.swift */ = {isa = PBXFileReference; fileEncoding = 4; lastKnownFileType = sourcecode.swift; path = EmptyBackgroundView.swift; sourceTree = "<group>"; };
		366CAC89273D50D800B69638 /* BaseCollectionViewCell.swift */ = {isa = PBXFileReference; fileEncoding = 4; lastKnownFileType = sourcecode.swift; path = BaseCollectionViewCell.swift; sourceTree = "<group>"; };
		366CAC8B273D511500B69638 /* ItemProviderProtocol.swift */ = {isa = PBXFileReference; fileEncoding = 4; lastKnownFileType = sourcecode.swift; path = ItemProviderProtocol.swift; sourceTree = "<group>"; };
		366CAC8E273D518600B69638 /* ContentDisplayerViewData.swift */ = {isa = PBXFileReference; fileEncoding = 4; lastKnownFileType = sourcecode.swift; path = ContentDisplayerViewData.swift; sourceTree = "<group>"; };
		366CAC8F273D518600B69638 /* ContentDisplayerView.swift */ = {isa = PBXFileReference; fileEncoding = 4; lastKnownFileType = sourcecode.swift; path = ContentDisplayerView.swift; sourceTree = "<group>"; };
		366CAC93273D51AD00B69638 /* CustomImageViewComponentContainer.swift */ = {isa = PBXFileReference; fileEncoding = 4; lastKnownFileType = sourcecode.swift; path = CustomImageViewComponentContainer.swift; sourceTree = "<group>"; };
		366CAC94273D51AD00B69638 /* CustomImageViewComponentData.swift */ = {isa = PBXFileReference; fileEncoding = 4; lastKnownFileType = sourcecode.swift; path = CustomImageViewComponentData.swift; sourceTree = "<group>"; };
		366CAC95273D51AD00B69638 /* CustomImageViewComponent.swift */ = {isa = PBXFileReference; fileEncoding = 4; lastKnownFileType = sourcecode.swift; path = CustomImageViewComponent.swift; sourceTree = "<group>"; };
		366CAC96273D51AD00B69638 /* CustomImageLoadingType.swift */ = {isa = PBXFileReference; fileEncoding = 4; lastKnownFileType = sourcecode.swift; path = CustomImageLoadingType.swift; sourceTree = "<group>"; };
		366CAC9C273D51CC00B69638 /* ImageCacheManager.swift */ = {isa = PBXFileReference; fileEncoding = 4; lastKnownFileType = sourcecode.swift; path = ImageCacheManager.swift; sourceTree = "<group>"; };
		366CAC9F273D627000B69638 /* PaginationInfo.swift */ = {isa = PBXFileReference; fileEncoding = 4; lastKnownFileType = sourcecode.swift; path = PaginationInfo.swift; sourceTree = "<group>"; };
		366CACA0273D627000B69638 /* CharacterDetailRequest.swift */ = {isa = PBXFileReference; fileEncoding = 4; lastKnownFileType = sourcecode.swift; path = CharacterDetailRequest.swift; sourceTree = "<group>"; };
		366CACA1273D627000B69638 /* CharacterDataResponse.swift */ = {isa = PBXFileReference; fileEncoding = 4; lastKnownFileType = sourcecode.swift; path = CharacterDataResponse.swift; sourceTree = "<group>"; };
		366CACA2273D627000B69638 /* CharacterDataRequest.swift */ = {isa = PBXFileReference; fileEncoding = 4; lastKnownFileType = sourcecode.swift; path = CharacterDataRequest.swift; sourceTree = "<group>"; };
		366CACB0273D647100B69638 /* CharacterDetailServiceProvider.swift */ = {isa = PBXFileReference; fileEncoding = 4; lastKnownFileType = sourcecode.swift; path = CharacterDetailServiceProvider.swift; sourceTree = "<group>"; };
		366CACB2273D647100B69638 /* CharacterListServiceProvider.swift */ = {isa = PBXFileReference; fileEncoding = 4; lastKnownFileType = sourcecode.swift; path = CharacterListServiceProvider.swift; sourceTree = "<group>"; };
		366CACB6273D64D200B69638 /* AccessProviderProtocol.swift */ = {isa = PBXFileReference; fileEncoding = 4; lastKnownFileType = sourcecode.swift; path = AccessProviderProtocol.swift; sourceTree = "<group>"; };
		366CACB7273D64D200B69638 /* AccessProviderManager.swift */ = {isa = PBXFileReference; fileEncoding = 4; lastKnownFileType = sourcecode.swift; path = AccessProviderManager.swift; sourceTree = "<group>"; };
		366CACB8273D64D200B69638 /* EndpointHelper.swift */ = {isa = PBXFileReference; fileEncoding = 4; lastKnownFileType = sourcecode.swift; path = EndpointHelper.swift; sourceTree = "<group>"; };
		366CACBC273D688E00B69638 /* MainViewDataFormatter.swift */ = {isa = PBXFileReference; fileEncoding = 4; lastKnownFileType = sourcecode.swift; path = MainViewDataFormatter.swift; sourceTree = "<group>"; };
		366CACBD273D688E00B69638 /* MainViewDataFormatterProtocol.swift */ = {isa = PBXFileReference; fileEncoding = 4; lastKnownFileType = sourcecode.swift; path = MainViewDataFormatterProtocol.swift; sourceTree = "<group>"; };
		366CACC1273D7C7500B69638 /* ApiManagerBuilder.swift */ = {isa = PBXFileReference; fileEncoding = 4; lastKnownFileType = sourcecode.swift; path = ApiManagerBuilder.swift; sourceTree = "<group>"; };
		366CACC2273D7C7500B69638 /* ApiCallListenerManager.swift */ = {isa = PBXFileReference; fileEncoding = 4; lastKnownFileType = sourcecode.swift; path = ApiCallListenerManager.swift; sourceTree = "<group>"; };
		366CACC6273D7C9E00B69638 /* LottieManagerProtocol.swift */ = {isa = PBXFileReference; fileEncoding = 4; lastKnownFileType = sourcecode.swift; path = LottieManagerProtocol.swift; sourceTree = "<group>"; };
		366CACC7273D7C9E00B69638 /* LottieManager.swift */ = {isa = PBXFileReference; fileEncoding = 4; lastKnownFileType = sourcecode.swift; path = LottieManager.swift; sourceTree = "<group>"; };
		366CACCC273D7CAE00B69638 /* AtomicValue.swift */ = {isa = PBXFileReference; fileEncoding = 4; lastKnownFileType = sourcecode.swift; path = AtomicValue.swift; sourceTree = "<group>"; };
		366CACCE273D7CAE00B69638 /* loading_animation.json */ = {isa = PBXFileReference; fileEncoding = 4; lastKnownFileType = text.json; path = loading_animation.json; sourceTree = "<group>"; };
		366CACD5273D7D4900B69638 /* LottieViewController.swift */ = {isa = PBXFileReference; fileEncoding = 4; lastKnownFileType = sourcecode.swift; path = LottieViewController.swift; sourceTree = "<group>"; };
		366CACDB273D7DC900B69638 /* ItemDetailViewBuilder.swift */ = {isa = PBXFileReference; fileEncoding = 4; lastKnownFileType = sourcecode.swift; path = ItemDetailViewBuilder.swift; sourceTree = "<group>"; };
		366CACDC273D7DC900B69638 /* ItemDetailViewPresentationType.swift */ = {isa = PBXFileReference; fileEncoding = 4; lastKnownFileType = sourcecode.swift; path = ItemDetailViewPresentationType.swift; sourceTree = "<group>"; };
		366CACDD273D7DC900B69638 /* ItemDetailDataFormatter.swift */ = {isa = PBXFileReference; fileEncoding = 4; lastKnownFileType = sourcecode.swift; path = ItemDetailDataFormatter.swift; sourceTree = "<group>"; };
		366CACDE273D7DC900B69638 /* ItemDetailViewController.swift */ = {isa = PBXFileReference; fileEncoding = 4; lastKnownFileType = sourcecode.swift; path = ItemDetailViewController.swift; sourceTree = "<group>"; };
		366CACDF273D7DC900B69638 /* ItemDetailDataFormatterProtocol.swift */ = {isa = PBXFileReference; fileEncoding = 4; lastKnownFileType = sourcecode.swift; path = ItemDetailDataFormatterProtocol.swift; sourceTree = "<group>"; };
		366CACE0273D7DC900B69638 /* ItemDetailViewRequest.swift */ = {isa = PBXFileReference; fileEncoding = 4; lastKnownFileType = sourcecode.swift; path = ItemDetailViewRequest.swift; sourceTree = "<group>"; };
		366CACE1273D7DC900B69638 /* ItemDetailViewModel.swift */ = {isa = PBXFileReference; fileEncoding = 4; lastKnownFileType = sourcecode.swift; path = ItemDetailViewModel.swift; sourceTree = "<group>"; };
		366CACEA273D7E3500B69638 /* ItemDetailView.swift */ = {isa = PBXFileReference; fileEncoding = 4; lastKnownFileType = sourcecode.swift; path = ItemDetailView.swift; sourceTree = "<group>"; };
		366CACEB273D7E3500B69638 /* ItemDetailViewData.swift */ = {isa = PBXFileReference; fileEncoding = 4; lastKnownFileType = sourcecode.swift; path = ItemDetailViewData.swift; sourceTree = "<group>"; };
		366CACEE273D7E7D00B69638 /* UIApplication+Extension.swift */ = {isa = PBXFileReference; fileEncoding = 4; lastKnownFileType = sourcecode.swift; path = "UIApplication+Extension.swift"; sourceTree = "<group>"; };
		3699CE25272181CF002AA011 /* EmailLoginView.swift */ = {isa = PBXFileReference; lastKnownFileType = sourcecode.swift; path = EmailLoginView.swift; sourceTree = "<group>"; };
		3699CE27272181D8002AA011 /* EmailLoginViewData.swift */ = {isa = PBXFileReference; lastKnownFileType = sourcecode.swift; path = EmailLoginViewData.swift; sourceTree = "<group>"; };
		3699CE2A272183A6002AA011 /* TextFieldView.swift */ = {isa = PBXFileReference; lastKnownFileType = sourcecode.swift; path = TextFieldView.swift; sourceTree = "<group>"; };
		3699CE2C27218411002AA011 /* TextFieldViewData.swift */ = {isa = PBXFileReference; lastKnownFileType = sourcecode.swift; path = TextFieldViewData.swift; sourceTree = "<group>"; };
		3699CE2F27218923002AA011 /* LoginAuthenticationView.swift */ = {isa = PBXFileReference; lastKnownFileType = sourcecode.swift; path = LoginAuthenticationView.swift; sourceTree = "<group>"; };
		3699CE312721892B002AA011 /* LoginAuthenticationViewData.swift */ = {isa = PBXFileReference; lastKnownFileType = sourcecode.swift; path = LoginAuthenticationViewData.swift; sourceTree = "<group>"; };
		36AF372B271C9BF500B721C4 /* MasterApplication.app */ = {isa = PBXFileReference; explicitFileType = wrapper.application; includeInIndex = 0; path = MasterApplication.app; sourceTree = BUILT_PRODUCTS_DIR; };
		36AF372E271C9BF500B721C4 /* AppDelegate.swift */ = {isa = PBXFileReference; lastKnownFileType = sourcecode.swift; path = AppDelegate.swift; sourceTree = "<group>"; };
		36AF3738271C9BF500B721C4 /* MasterApplication.xcdatamodel */ = {isa = PBXFileReference; lastKnownFileType = wrapper.xcdatamodel; path = MasterApplication.xcdatamodel; sourceTree = "<group>"; };
		36AF373A271C9BF600B721C4 /* Assets.xcassets */ = {isa = PBXFileReference; lastKnownFileType = folder.assetcatalog; path = Assets.xcassets; sourceTree = "<group>"; };
		36AF373D271C9BF600B721C4 /* Base */ = {isa = PBXFileReference; lastKnownFileType = file.storyboard; name = Base; path = Base.lproj/LaunchScreen.storyboard; sourceTree = "<group>"; };
		36AF373F271C9BF600B721C4 /* Info.plist */ = {isa = PBXFileReference; lastKnownFileType = text.plist.xml; path = Info.plist; sourceTree = "<group>"; };
		36AF3744271C9BF600B721C4 /* MasterApplicationTests.xctest */ = {isa = PBXFileReference; explicitFileType = wrapper.cfbundle; includeInIndex = 0; path = MasterApplicationTests.xctest; sourceTree = BUILT_PRODUCTS_DIR; };
		36AF3748271C9BF600B721C4 /* MasterApplicationTests.swift */ = {isa = PBXFileReference; lastKnownFileType = sourcecode.swift; path = MasterApplicationTests.swift; sourceTree = "<group>"; };
		36AF374E271C9BF600B721C4 /* MasterApplicationUITests.xctest */ = {isa = PBXFileReference; explicitFileType = wrapper.cfbundle; includeInIndex = 0; path = MasterApplicationUITests.xctest; sourceTree = BUILT_PRODUCTS_DIR; };
		36AF3752271C9BF600B721C4 /* MasterApplicationUITests.swift */ = {isa = PBXFileReference; lastKnownFileType = sourcecode.swift; path = MasterApplicationUITests.swift; sourceTree = "<group>"; };
		36AF3754271C9BF600B721C4 /* MasterApplicationUITestsLaunchTests.swift */ = {isa = PBXFileReference; lastKnownFileType = sourcecode.swift; path = MasterApplicationUITestsLaunchTests.swift; sourceTree = "<group>"; };
		36AF3762271C9C0C00B721C4 /* GenericValueProtocol.swift */ = {isa = PBXFileReference; fileEncoding = 4; lastKnownFileType = sourcecode.swift; path = GenericValueProtocol.swift; sourceTree = "<group>"; };
		36AF3763271C9C0C00B721C4 /* BaseViewController.swift */ = {isa = PBXFileReference; fileEncoding = 4; lastKnownFileType = sourcecode.swift; path = BaseViewController.swift; sourceTree = "<group>"; };
		36AF3764271C9C0C00B721C4 /* BaseTableViewCell.swift */ = {isa = PBXFileReference; fileEncoding = 4; lastKnownFileType = sourcecode.swift; path = BaseTableViewCell.swift; sourceTree = "<group>"; };
		36AF3765271C9C0C00B721C4 /* GenericDataProtocol.swift */ = {isa = PBXFileReference; fileEncoding = 4; lastKnownFileType = sourcecode.swift; path = GenericDataProtocol.swift; sourceTree = "<group>"; };
		36AF3766271C9C0C00B721C4 /* GenericBaseView.swift */ = {isa = PBXFileReference; fileEncoding = 4; lastKnownFileType = sourcecode.swift; path = GenericBaseView.swift; sourceTree = "<group>"; };
		36AF3767271C9C0C00B721C4 /* BaseView.swift */ = {isa = PBXFileReference; fileEncoding = 4; lastKnownFileType = sourcecode.swift; path = BaseView.swift; sourceTree = "<group>"; };
		36AF376A271C9C0C00B721C4 /* SplashViewBuilder.swift */ = {isa = PBXFileReference; fileEncoding = 4; lastKnownFileType = sourcecode.swift; path = SplashViewBuilder.swift; sourceTree = "<group>"; };
		36AF376B271C9C0C00B721C4 /* SplashViewController.swift */ = {isa = PBXFileReference; fileEncoding = 4; lastKnownFileType = sourcecode.swift; path = SplashViewController.swift; sourceTree = "<group>"; };
		36AF376C271C9C0C00B721C4 /* SplashViewModel.swift */ = {isa = PBXFileReference; fileEncoding = 4; lastKnownFileType = sourcecode.swift; path = SplashViewModel.swift; sourceTree = "<group>"; };
		36AF3771271C9C0C00B721C4 /* MainFont.swift */ = {isa = PBXFileReference; fileEncoding = 4; lastKnownFileType = sourcecode.swift; path = MainFont.swift; sourceTree = "<group>"; };
		36AF3773271C9C0C00B721C4 /* Roboto-Medium.ttf */ = {isa = PBXFileReference; lastKnownFileType = file; path = "Roboto-Medium.ttf"; sourceTree = "<group>"; };
		36AF3774271C9C0C00B721C4 /* Roboto-Light.ttf */ = {isa = PBXFileReference; lastKnownFileType = file; path = "Roboto-Light.ttf"; sourceTree = "<group>"; };
		36AF3775271C9C0C00B721C4 /* Roboto-Regular.ttf */ = {isa = PBXFileReference; lastKnownFileType = file; path = "Roboto-Regular.ttf"; sourceTree = "<group>"; };
		36AF3776271C9C0C00B721C4 /* Roboto-MediumItalic.ttf */ = {isa = PBXFileReference; lastKnownFileType = file; path = "Roboto-MediumItalic.ttf"; sourceTree = "<group>"; };
		36AF3777271C9C0C00B721C4 /* Roboto-ThinItalic.ttf */ = {isa = PBXFileReference; lastKnownFileType = file; path = "Roboto-ThinItalic.ttf"; sourceTree = "<group>"; };
		36AF3778271C9C0C00B721C4 /* Roboto-BoldItalic.ttf */ = {isa = PBXFileReference; lastKnownFileType = file; path = "Roboto-BoldItalic.ttf"; sourceTree = "<group>"; };
		36AF3779271C9C0C00B721C4 /* Roboto-LightItalic.ttf */ = {isa = PBXFileReference; lastKnownFileType = file; path = "Roboto-LightItalic.ttf"; sourceTree = "<group>"; };
		36AF377A271C9C0C00B721C4 /* Roboto-Italic.ttf */ = {isa = PBXFileReference; lastKnownFileType = file; path = "Roboto-Italic.ttf"; sourceTree = "<group>"; };
		36AF377B271C9C0C00B721C4 /* LICENSE.txt */ = {isa = PBXFileReference; fileEncoding = 4; lastKnownFileType = text; path = LICENSE.txt; sourceTree = "<group>"; };
		36AF377C271C9C0C00B721C4 /* Roboto-BlackItalic.ttf */ = {isa = PBXFileReference; lastKnownFileType = file; path = "Roboto-BlackItalic.ttf"; sourceTree = "<group>"; };
		36AF377D271C9C0C00B721C4 /* Roboto-Bold.ttf */ = {isa = PBXFileReference; lastKnownFileType = file; path = "Roboto-Bold.ttf"; sourceTree = "<group>"; };
		36AF377E271C9C0C00B721C4 /* Roboto-Thin.ttf */ = {isa = PBXFileReference; lastKnownFileType = file; path = "Roboto-Thin.ttf"; sourceTree = "<group>"; };
		36AF377F271C9C0C00B721C4 /* Roboto-Black.ttf */ = {isa = PBXFileReference; lastKnownFileType = file; path = "Roboto-Black.ttf"; sourceTree = "<group>"; };
		36AF3781271C9C0C00B721C4 /* PageViewImages.swift */ = {isa = PBXFileReference; fileEncoding = 4; lastKnownFileType = sourcecode.swift; path = PageViewImages.swift; sourceTree = "<group>"; };
		36BE18E8271EDB3C00DA4566 /* GoogleService-Info.plist */ = {isa = PBXFileReference; fileEncoding = 4; lastKnownFileType = text.plist.xml; path = "GoogleService-Info.plist"; sourceTree = "<group>"; };
		36BE18F0271EF48B00DA4566 /* MainViewModel.swift */ = {isa = PBXFileReference; lastKnownFileType = sourcecode.swift; path = MainViewModel.swift; sourceTree = "<group>"; };
		36BE18F2271EF49300DA4566 /* MainViewController.swift */ = {isa = PBXFileReference; lastKnownFileType = sourcecode.swift; path = MainViewController.swift; sourceTree = "<group>"; };
		36BE18F4271EF49A00DA4566 /* MainViewBuilder.swift */ = {isa = PBXFileReference; lastKnownFileType = sourcecode.swift; path = MainViewBuilder.swift; sourceTree = "<group>"; };
		36BE18FB271F1FA700DA4566 /* MainTabBarBuilder.swift */ = {isa = PBXFileReference; fileEncoding = 4; lastKnownFileType = sourcecode.swift; path = MainTabBarBuilder.swift; sourceTree = "<group>"; };
		36BE18FC271F1FA700DA4566 /* MainTabBarController.swift */ = {isa = PBXFileReference; fileEncoding = 4; lastKnownFileType = sourcecode.swift; path = MainTabBarController.swift; sourceTree = "<group>"; };
		36BE1902271F208000DA4566 /* TabBarImages.swift */ = {isa = PBXFileReference; fileEncoding = 4; lastKnownFileType = sourcecode.swift; path = TabBarImages.swift; sourceTree = "<group>"; };
		36BE1906271F237B00DA4566 /* AuthenticationManager.swift */ = {isa = PBXFileReference; lastKnownFileType = sourcecode.swift; path = AuthenticationManager.swift; sourceTree = "<group>"; };
		36BE1908271F255B00DA4566 /* AuthenticationManagerProtocol.swift */ = {isa = PBXFileReference; lastKnownFileType = sourcecode.swift; path = AuthenticationManagerProtocol.swift; sourceTree = "<group>"; };
		36BE190B271F290700DA4566 /* LoginViewBuilder.swift */ = {isa = PBXFileReference; lastKnownFileType = sourcecode.swift; path = LoginViewBuilder.swift; sourceTree = "<group>"; };
		36BE190D271F291000DA4566 /* LoginViewController.swift */ = {isa = PBXFileReference; lastKnownFileType = sourcecode.swift; path = LoginViewController.swift; sourceTree = "<group>"; };
		36BE190F271F291900DA4566 /* LoginViewModel.swift */ = {isa = PBXFileReference; lastKnownFileType = sourcecode.swift; path = LoginViewModel.swift; sourceTree = "<group>"; };
		36BE1911271F2E6500DA4566 /* AuthenticationRequest.swift */ = {isa = PBXFileReference; lastKnownFileType = sourcecode.swift; path = AuthenticationRequest.swift; sourceTree = "<group>"; };
/* End PBXFileReference section */

/* Begin PBXFrameworksBuildPhase section */
		36AF3728271C9BF500B721C4 /* Frameworks */ = {
			isa = PBXFrameworksBuildPhase;
			buildActionMask = 2147483647;
			files = (
				36BE18EC271EDC5300DA4566 /* FirebaseAnalytics in Frameworks */,
				366CACD3273D7D0700B69638 /* DefaultNetworkOperationPackage in Frameworks */,
				36BE18EE271EDC5300DA4566 /* FirebaseAuth in Frameworks */,
				366CACD9273D7D7D00B69638 /* Lottie in Frameworks */,
			);
			runOnlyForDeploymentPostprocessing = 0;
		};
		36AF3741271C9BF600B721C4 /* Frameworks */ = {
			isa = PBXFrameworksBuildPhase;
			buildActionMask = 2147483647;
			files = (
			);
			runOnlyForDeploymentPostprocessing = 0;
		};
		36AF374B271C9BF600B721C4 /* Frameworks */ = {
			isa = PBXFrameworksBuildPhase;
			buildActionMask = 2147483647;
			files = (
			);
			runOnlyForDeploymentPostprocessing = 0;
		};
/* End PBXFrameworksBuildPhase section */

/* Begin PBXGroup section */
		360F56942720851A00BE47FD /* Extentions */ = {
			isa = PBXGroup;
			children = (
				366CACEE273D7E7D00B69638 /* UIApplication+Extension.swift */,
				360F56952720853100BE47FD /* UIView+Extentions.swift */,
			);
			path = Extentions;
			sourceTree = "<group>";
		};
		3612875C27202D1B008A174B /* Account */ = {
			isa = PBXGroup;
			children = (
				3612876127202D49008A174B /* AccountViewBuilder.swift */,
				3612875F27202D3B008A174B /* AccountViewController.swift */,
				3612875D27202D2E008A174B /* AccountViewModel.swift */,
				361287922720439D008A174B /* AccountViewDataFormatter.swift */,
				361287942720454C008A174B /* AccountViewDataFormatterProtocol.swift */,
			);
			path = Account;
			sourceTree = "<group>";
		};
		3612877E2720325C008A174B /* LabelPackComponent */ = {
			isa = PBXGroup;
			children = (
				361287812720325C008A174B /* LabelPackComponent.swift */,
				361287802720325C008A174B /* LabelPackComponentData.swift */,
				3612877F2720325C008A174B /* LabelPackDistributionData.swift */,
			);
			path = LabelPackComponent;
			sourceTree = "<group>";
		};
		36128785272032E3008A174B /* CustomTableView */ = {
			isa = PBXGroup;
			children = (
				36128788272032E3008A174B /* CustomTableView.swift */,
				36128786272032E3008A174B /* CustomTableViewCell.swift */,
				360F569727208E7700BE47FD /* CustomTableViewData.swift */,
				36128787272032E3008A174B /* CustomTableViewCellData.swift */,
				36128789272032E3008A174B /* CustomTableViewProtocol.swift */,
			);
			path = CustomTableView;
			sourceTree = "<group>";
		};
		3612879627204FB5008A174B /* Models */ = {
			isa = PBXGroup;
			children = (
				366CAC9E273D627000B69638 /* CharacterDataModels */,
			);
			path = Models;
			sourceTree = "<group>";
		};
		3612879727204FBB008A174B /* StateManagers */ = {
			isa = PBXGroup;
			children = (
				3612879827204FE5008A174B /* ViewStates.swift */,
			);
			path = StateManagers;
			sourceTree = "<group>";
		};
		3612879A27207807008A174B /* HeaderViewComponent */ = {
			isa = PBXGroup;
			children = (
				3612879B2720781F008A174B /* HeaderView.swift */,
				3612879D27207827008A174B /* HeaderViewData.swift */,
			);
			path = HeaderViewComponent;
			sourceTree = "<group>";
		};
		3612879F2720826D008A174B /* ActionButtonComponent */ = {
			isa = PBXGroup;
			children = (
				361287A22720826D008A174B /* ActionButton.swift */,
				361287A12720826D008A174B /* ActionButtonData.swift */,
				361287A32720826D008A174B /* ActionButtonTheme.swift */,
				361287A02720826D008A174B /* ActionButtonType.swift */,
			);
			path = ActionButtonComponent;
			sourceTree = "<group>";
		};
		366CAC78273D4DFF00B69638 /* ItemCollectionComponents */ = {
			isa = PBXGroup;
			children = (
				366CAC7B273D4DFF00B69638 /* CellLoadingComponent */,
				366CAC79273D4DFF00B69638 /* ItemCollectionCellViews */,
				366CAC7D273D4DFF00B69638 /* ItemCollectionView */,
			);
			path = ItemCollectionComponents;
			sourceTree = "<group>";
		};
		366CAC79273D4DFF00B69638 /* ItemCollectionCellViews */ = {
			isa = PBXGroup;
			children = (
				366CAC7A273D4DFF00B69638 /* ItemCollectionCellView.swift */,
			);
			path = ItemCollectionCellViews;
			sourceTree = "<group>";
		};
		366CAC7B273D4DFF00B69638 /* CellLoadingComponent */ = {
			isa = PBXGroup;
			children = (
				366CAC7C273D4DFF00B69638 /* LoadingCellView.swift */,
			);
			path = CellLoadingComponent;
			sourceTree = "<group>";
		};
		366CAC7D273D4DFF00B69638 /* ItemCollectionView */ = {
			isa = PBXGroup;
			children = (
				366CAC7F273D4DFF00B69638 /* ItemCollectionView.swift */,
				366CAC7E273D4DFF00B69638 /* ItemCollectionViewData.swift */,
				366CAC8B273D511500B69638 /* ItemProviderProtocol.swift */,
			);
			path = ItemCollectionView;
			sourceTree = "<group>";
		};
		366CAC84273D50A700B69638 /* EmptyBackgroundComponent */ = {
			isa = PBXGroup;
			children = (
				366CAC85273D50A700B69638 /* EmptyBackgroundViewData.swift */,
				366CAC86273D50A700B69638 /* EmptyBackgroundView.swift */,
			);
			path = EmptyBackgroundComponent;
			sourceTree = "<group>";
		};
		366CAC8D273D518600B69638 /* CharacterViewComponents */ = {
			isa = PBXGroup;
			children = (
				366CAC8F273D518600B69638 /* ContentDisplayerView.swift */,
				366CAC8E273D518600B69638 /* ContentDisplayerViewData.swift */,
			);
			path = CharacterViewComponents;
			sourceTree = "<group>";
		};
		366CAC92273D51AD00B69638 /* CustomImageViewComponent */ = {
			isa = PBXGroup;
			children = (
				366CAC93273D51AD00B69638 /* CustomImageViewComponentContainer.swift */,
				366CAC94273D51AD00B69638 /* CustomImageViewComponentData.swift */,
				366CAC95273D51AD00B69638 /* CustomImageViewComponent.swift */,
				366CAC96273D51AD00B69638 /* CustomImageLoadingType.swift */,
			);
			name = CustomImageViewComponent;
			path = "../../../../Hepsiburada|iOS/HB ios ex/WeatherApplication-feature-marvelcharacterlist/WeatherApplication/Components/CustomImageViewComponent";
			sourceTree = "<group>";
		};
		366CAC9B273D51CC00B69638 /* CacheManager */ = {
			isa = PBXGroup;
			children = (
				366CAC9C273D51CC00B69638 /* ImageCacheManager.swift */,
			);
			path = CacheManager;
			sourceTree = "<group>";
		};
		366CAC9E273D627000B69638 /* CharacterDataModels */ = {
			isa = PBXGroup;
			children = (
				366CAC9F273D627000B69638 /* PaginationInfo.swift */,
				366CACA0273D627000B69638 /* CharacterDetailRequest.swift */,
				366CACA1273D627000B69638 /* CharacterDataResponse.swift */,
				366CACA2273D627000B69638 /* CharacterDataRequest.swift */,
			);
			path = CharacterDataModels;
			sourceTree = "<group>";
		};
		366CACAE273D647100B69638 /* ServiceProviders */ = {
			isa = PBXGroup;
			children = (
				366CACAF273D647100B69638 /* CharacterDetailServiceProvider */,
				366CACB1273D647100B69638 /* CharacterListServiceProvider */,
			);
			path = ServiceProviders;
			sourceTree = "<group>";
		};
		366CACAF273D647100B69638 /* CharacterDetailServiceProvider */ = {
			isa = PBXGroup;
			children = (
				366CACB0273D647100B69638 /* CharacterDetailServiceProvider.swift */,
			);
			path = CharacterDetailServiceProvider;
			sourceTree = "<group>";
		};
		366CACB1273D647100B69638 /* CharacterListServiceProvider */ = {
			isa = PBXGroup;
			children = (
				366CACB2273D647100B69638 /* CharacterListServiceProvider.swift */,
			);
			path = CharacterListServiceProvider;
			sourceTree = "<group>";
		};
		366CACB5273D64D200B69638 /* NetworkModules */ = {
			isa = PBXGroup;
			children = (
				366CACB6273D64D200B69638 /* AccessProviderProtocol.swift */,
				366CACB7273D64D200B69638 /* AccessProviderManager.swift */,
				366CACB8273D64D200B69638 /* EndpointHelper.swift */,
			);
			path = NetworkModules;
			sourceTree = "<group>";
		};
		366CACC0273D7C7500B69638 /* ApiManagerModules */ = {
			isa = PBXGroup;
			children = (
				366CACC1273D7C7500B69638 /* ApiManagerBuilder.swift */,
				366CACC2273D7C7500B69638 /* ApiCallListenerManager.swift */,
			);
			path = ApiManagerModules;
			sourceTree = "<group>";
		};
		366CACC5273D7C9E00B69638 /* LottieManager */ = {
			isa = PBXGroup;
			children = (
				366CACC6273D7C9E00B69638 /* LottieManagerProtocol.swift */,
				366CACC7273D7C9E00B69638 /* LottieManager.swift */,
			);
			path = LottieManager;
			sourceTree = "<group>";
		};
		366CACCA273D7CAE00B69638 /* Resources */ = {
			isa = PBXGroup;
			children = (
				366CACCB273D7CAE00B69638 /* AtomicTypes */,
				366CACCD273D7CAE00B69638 /* Lottie */,
			);
			path = Resources;
			sourceTree = "<group>";
		};
		366CACCB273D7CAE00B69638 /* AtomicTypes */ = {
			isa = PBXGroup;
			children = (
				366CACCC273D7CAE00B69638 /* AtomicValue.swift */,
			);
			path = AtomicTypes;
			sourceTree = "<group>";
		};
		366CACCD273D7CAE00B69638 /* Lottie */ = {
			isa = PBXGroup;
			children = (
				366CACCE273D7CAE00B69638 /* loading_animation.json */,
			);
			path = Lottie;
			sourceTree = "<group>";
		};
		366CACD4273D7D4900B69638 /* LottieAnimation */ = {
			isa = PBXGroup;
			children = (
				366CACD5273D7D4900B69638 /* LottieViewController.swift */,
			);
			path = LottieAnimation;
			sourceTree = "<group>";
		};
		366CACDA273D7DC900B69638 /* ItemDetail */ = {
			isa = PBXGroup;
			children = (
				366CACDB273D7DC900B69638 /* ItemDetailViewBuilder.swift */,
				366CACDC273D7DC900B69638 /* ItemDetailViewPresentationType.swift */,
				366CACDD273D7DC900B69638 /* ItemDetailDataFormatter.swift */,
				366CACDE273D7DC900B69638 /* ItemDetailViewController.swift */,
				366CACDF273D7DC900B69638 /* ItemDetailDataFormatterProtocol.swift */,
				366CACE0273D7DC900B69638 /* ItemDetailViewRequest.swift */,
				366CACE1273D7DC900B69638 /* ItemDetailViewModel.swift */,
			);
			path = ItemDetail;
			sourceTree = "<group>";
		};
		366CACE9273D7E3500B69638 /* ItemDetailComponent */ = {
			isa = PBXGroup;
			children = (
				366CACEA273D7E3500B69638 /* ItemDetailView.swift */,
				366CACEB273D7E3500B69638 /* ItemDetailViewData.swift */,
			);
			path = ItemDetailComponent;
			sourceTree = "<group>";
		};
		3699CE24272181BC002AA011 /* EmailLoginComponent */ = {
			isa = PBXGroup;
			children = (
				3699CE25272181CF002AA011 /* EmailLoginView.swift */,
				3699CE27272181D8002AA011 /* EmailLoginViewData.swift */,
			);
			path = EmailLoginComponent;
			sourceTree = "<group>";
		};
		3699CE2927218390002AA011 /* TextFieldComponent */ = {
			isa = PBXGroup;
			children = (
				3699CE2A272183A6002AA011 /* TextFieldView.swift */,
				3699CE2C27218411002AA011 /* TextFieldViewData.swift */,
			);
			path = TextFieldComponent;
			sourceTree = "<group>";
		};
		3699CE2E2721890F002AA011 /* LoginAuthenticationComponent */ = {
			isa = PBXGroup;
			children = (
				3699CE2F27218923002AA011 /* LoginAuthenticationView.swift */,
				3699CE312721892B002AA011 /* LoginAuthenticationViewData.swift */,
			);
			path = LoginAuthenticationComponent;
			sourceTree = "<group>";
		};
		36AF3722271C9BF500B721C4 = {
			isa = PBXGroup;
			children = (
				36AF372D271C9BF500B721C4 /* MasterApplication */,
				36AF3747271C9BF600B721C4 /* MasterApplicationTests */,
				36AF3751271C9BF600B721C4 /* MasterApplicationUITests */,
				36AF372C271C9BF500B721C4 /* Products */,
			);
			sourceTree = "<group>";
		};
		36AF372C271C9BF500B721C4 /* Products */ = {
			isa = PBXGroup;
			children = (
				36AF372B271C9BF500B721C4 /* MasterApplication.app */,
				36AF3744271C9BF600B721C4 /* MasterApplicationTests.xctest */,
				36AF374E271C9BF600B721C4 /* MasterApplicationUITests.xctest */,
			);
			name = Products;
			sourceTree = "<group>";
		};
		36AF372D271C9BF500B721C4 /* MasterApplication */ = {
			isa = PBXGroup;
			children = (
				36AF3761271C9C0C00B721C4 /* BaseComponents */,
				36AF376D271C9C0C00B721C4 /* Components */,
				36BE1904271F234D00DA4566 /* Managers */,
				3612879627204FB5008A174B /* Models */,
				36AF3768271C9C0C00B721C4 /* Modules */,
				366CACB5273D64D200B69638 /* NetworkModules */,
				366CACCA273D7CAE00B69638 /* Resources */,
				366CACAE273D647100B69638 /* ServiceProviders */,
				36AF376E271C9C0C00B721C4 /* Utilities */,
				36AF372E271C9BF500B721C4 /* AppDelegate.swift */,
				36AF373A271C9BF600B721C4 /* Assets.xcassets */,
				36AF373C271C9BF600B721C4 /* LaunchScreen.storyboard */,
				36AF373F271C9BF600B721C4 /* Info.plist */,
				36BE18E8271EDB3C00DA4566 /* GoogleService-Info.plist */,
				36AF3737271C9BF500B721C4 /* MasterApplication.xcdatamodeld */,
			);
			path = MasterApplication;
			sourceTree = "<group>";
		};
		36AF3747271C9BF600B721C4 /* MasterApplicationTests */ = {
			isa = PBXGroup;
			children = (
				36AF3748271C9BF600B721C4 /* MasterApplicationTests.swift */,
			);
			path = MasterApplicationTests;
			sourceTree = "<group>";
		};
		36AF3751271C9BF600B721C4 /* MasterApplicationUITests */ = {
			isa = PBXGroup;
			children = (
				36AF3752271C9BF600B721C4 /* MasterApplicationUITests.swift */,
				36AF3754271C9BF600B721C4 /* MasterApplicationUITestsLaunchTests.swift */,
			);
			path = MasterApplicationUITests;
			sourceTree = "<group>";
		};
		36AF3761271C9C0C00B721C4 /* BaseComponents */ = {
			isa = PBXGroup;
			children = (
				36AF3767271C9C0C00B721C4 /* BaseView.swift */,
				366CAC89273D50D800B69638 /* BaseCollectionViewCell.swift */,
				36AF3764271C9C0C00B721C4 /* BaseTableViewCell.swift */,
				36AF3763271C9C0C00B721C4 /* BaseViewController.swift */,
				36AF3766271C9C0C00B721C4 /* GenericBaseView.swift */,
				36AF3765271C9C0C00B721C4 /* GenericDataProtocol.swift */,
				3612879027204084008A174B /* GenericRowType.swift */,
				36AF3762271C9C0C00B721C4 /* GenericValueProtocol.swift */,
				364A597C27396FEC00F152AF /* BaseViewModel.swift */,
			);
			path = BaseComponents;
			sourceTree = "<group>";
		};
		36AF3768271C9C0C00B721C4 /* Modules */ = {
			isa = PBXGroup;
			children = (
				3612875C27202D1B008A174B /* Account */,
				366CACDA273D7DC900B69638 /* ItemDetail */,
				36BE190A271F28E300DA4566 /* Login */,
				366CACD4273D7D4900B69638 /* LottieAnimation */,
				36BE18EF271EF47800DA4566 /* Main */,
				36BE18FA271F1FA700DA4566 /* MainTabBar */,
				36AF3769271C9C0C00B721C4 /* Splash */,
			);
			path = Modules;
			sourceTree = "<group>";
		};
		36AF3769271C9C0C00B721C4 /* Splash */ = {
			isa = PBXGroup;
			children = (
				36AF376A271C9C0C00B721C4 /* SplashViewBuilder.swift */,
				36AF376B271C9C0C00B721C4 /* SplashViewController.swift */,
				36AF376C271C9C0C00B721C4 /* SplashViewModel.swift */,
			);
			path = Splash;
			sourceTree = "<group>";
		};
		36AF376D271C9C0C00B721C4 /* Components */ = {
			isa = PBXGroup;
			children = (
				3612879F2720826D008A174B /* ActionButtonComponent */,
				366CAC8D273D518600B69638 /* CharacterViewComponents */,
				366CAC92273D51AD00B69638 /* CustomImageViewComponent */,
				36128785272032E3008A174B /* CustomTableView */,
				3699CE24272181BC002AA011 /* EmailLoginComponent */,
				366CAC84273D50A700B69638 /* EmptyBackgroundComponent */,
				3612879A27207807008A174B /* HeaderViewComponent */,
				366CAC78273D4DFF00B69638 /* ItemCollectionComponents */,
				366CACE9273D7E3500B69638 /* ItemDetailComponent */,
				3612877E2720325C008A174B /* LabelPackComponent */,
				3699CE2E2721890F002AA011 /* LoginAuthenticationComponent */,
				3699CE2927218390002AA011 /* TextFieldComponent */,
			);
			path = Components;
			sourceTree = "<group>";
		};
		36AF376E271C9C0C00B721C4 /* Utilities */ = {
			isa = PBXGroup;
			children = (
				36AF3780271C9C0C00B721C4 /* AssetHelpers */,
				360F56942720851A00BE47FD /* Extentions */,
				36AF376F271C9C0C00B721C4 /* FontManager */,
			);
			path = Utilities;
			sourceTree = "<group>";
		};
		36AF376F271C9C0C00B721C4 /* FontManager */ = {
			isa = PBXGroup;
			children = (
				36AF3770271C9C0C00B721C4 /* FontHelpers */,
				36AF3772271C9C0C00B721C4 /* Roboto */,
			);
			path = FontManager;
			sourceTree = "<group>";
		};
		36AF3770271C9C0C00B721C4 /* FontHelpers */ = {
			isa = PBXGroup;
			children = (
				36AF3771271C9C0C00B721C4 /* MainFont.swift */,
			);
			path = FontHelpers;
			sourceTree = "<group>";
		};
		36AF3772271C9C0C00B721C4 /* Roboto */ = {
			isa = PBXGroup;
			children = (
				36AF3773271C9C0C00B721C4 /* Roboto-Medium.ttf */,
				36AF3774271C9C0C00B721C4 /* Roboto-Light.ttf */,
				36AF3775271C9C0C00B721C4 /* Roboto-Regular.ttf */,
				36AF3776271C9C0C00B721C4 /* Roboto-MediumItalic.ttf */,
				36AF3777271C9C0C00B721C4 /* Roboto-ThinItalic.ttf */,
				36AF3778271C9C0C00B721C4 /* Roboto-BoldItalic.ttf */,
				36AF3779271C9C0C00B721C4 /* Roboto-LightItalic.ttf */,
				36AF377A271C9C0C00B721C4 /* Roboto-Italic.ttf */,
				36AF377B271C9C0C00B721C4 /* LICENSE.txt */,
				36AF377C271C9C0C00B721C4 /* Roboto-BlackItalic.ttf */,
				36AF377D271C9C0C00B721C4 /* Roboto-Bold.ttf */,
				36AF377E271C9C0C00B721C4 /* Roboto-Thin.ttf */,
				36AF377F271C9C0C00B721C4 /* Roboto-Black.ttf */,
			);
			path = Roboto;
			sourceTree = "<group>";
		};
		36AF3780271C9C0C00B721C4 /* AssetHelpers */ = {
			isa = PBXGroup;
			children = (
				36AF3781271C9C0C00B721C4 /* PageViewImages.swift */,
				3612878E272033B8008A174B /* SFSymbolsHelper.swift */,
				36BE1902271F208000DA4566 /* TabBarImages.swift */,
			);
			path = AssetHelpers;
			sourceTree = "<group>";
		};
		36BE18EF271EF47800DA4566 /* Main */ = {
			isa = PBXGroup;
			children = (
				36BE18F4271EF49A00DA4566 /* MainViewBuilder.swift */,
				36BE18F2271EF49300DA4566 /* MainViewController.swift */,
				36BE18F0271EF48B00DA4566 /* MainViewModel.swift */,
				366CACBC273D688E00B69638 /* MainViewDataFormatter.swift */,
				366CACBD273D688E00B69638 /* MainViewDataFormatterProtocol.swift */,
			);
			path = Main;
			sourceTree = "<group>";
		};
		36BE18FA271F1FA700DA4566 /* MainTabBar */ = {
			isa = PBXGroup;
			children = (
				36BE18FB271F1FA700DA4566 /* MainTabBarBuilder.swift */,
				36BE18FC271F1FA700DA4566 /* MainTabBarController.swift */,
			);
			path = MainTabBar;
			sourceTree = "<group>";
		};
		36BE1904271F234D00DA4566 /* Managers */ = {
			isa = PBXGroup;
			children = (
				366CACC0273D7C7500B69638 /* ApiManagerModules */,
				36BE1905271F235100DA4566 /* AuthenticationManager */,
				366CAC9B273D51CC00B69638 /* CacheManager */,
				366CACC5273D7C9E00B69638 /* LottieManager */,
				3612879727204FBB008A174B /* StateManagers */,
			);
			path = Managers;
			sourceTree = "<group>";
		};
		36BE1905271F235100DA4566 /* AuthenticationManager */ = {
			isa = PBXGroup;
			children = (
				36BE1906271F237B00DA4566 /* AuthenticationManager.swift */,
				36BE1908271F255B00DA4566 /* AuthenticationManagerProtocol.swift */,
				36BE1911271F2E6500DA4566 /* AuthenticationRequest.swift */,
			);
			path = AuthenticationManager;
			sourceTree = "<group>";
		};
		36BE190A271F28E300DA4566 /* Login */ = {
			isa = PBXGroup;
			children = (
				36BE190B271F290700DA4566 /* LoginViewBuilder.swift */,
				36BE190D271F291000DA4566 /* LoginViewController.swift */,
				36BE190F271F291900DA4566 /* LoginViewModel.swift */,
			);
			path = Login;
			sourceTree = "<group>";
		};
/* End PBXGroup section */

/* Begin PBXNativeTarget section */
		36AF372A271C9BF500B721C4 /* MasterApplication */ = {
			isa = PBXNativeTarget;
			buildConfigurationList = 36AF3758271C9BF600B721C4 /* Build configuration list for PBXNativeTarget "MasterApplication" */;
			buildPhases = (
				36AF3727271C9BF500B721C4 /* Sources */,
				36AF3728271C9BF500B721C4 /* Frameworks */,
				36AF3729271C9BF500B721C4 /* Resources */,
			);
			buildRules = (
			);
			dependencies = (
			);
			name = MasterApplication;
			packageProductDependencies = (
				36BE18EB271EDC5300DA4566 /* FirebaseAnalytics */,
				36BE18ED271EDC5300DA4566 /* FirebaseAuth */,
				366CACD2273D7D0700B69638 /* DefaultNetworkOperationPackage */,
				366CACD8273D7D7D00B69638 /* Lottie */,
			);
			productName = MasterApplication;
			productReference = 36AF372B271C9BF500B721C4 /* MasterApplication.app */;
			productType = "com.apple.product-type.application";
		};
		36AF3743271C9BF600B721C4 /* MasterApplicationTests */ = {
			isa = PBXNativeTarget;
			buildConfigurationList = 36AF375B271C9BF600B721C4 /* Build configuration list for PBXNativeTarget "MasterApplicationTests" */;
			buildPhases = (
				36AF3740271C9BF600B721C4 /* Sources */,
				36AF3741271C9BF600B721C4 /* Frameworks */,
				36AF3742271C9BF600B721C4 /* Resources */,
			);
			buildRules = (
			);
			dependencies = (
				36AF3746271C9BF600B721C4 /* PBXTargetDependency */,
			);
			name = MasterApplicationTests;
			productName = MasterApplicationTests;
			productReference = 36AF3744271C9BF600B721C4 /* MasterApplicationTests.xctest */;
			productType = "com.apple.product-type.bundle.unit-test";
		};
		36AF374D271C9BF600B721C4 /* MasterApplicationUITests */ = {
			isa = PBXNativeTarget;
			buildConfigurationList = 36AF375E271C9BF600B721C4 /* Build configuration list for PBXNativeTarget "MasterApplicationUITests" */;
			buildPhases = (
				36AF374A271C9BF600B721C4 /* Sources */,
				36AF374B271C9BF600B721C4 /* Frameworks */,
				36AF374C271C9BF600B721C4 /* Resources */,
			);
			buildRules = (
			);
			dependencies = (
				36AF3750271C9BF600B721C4 /* PBXTargetDependency */,
			);
			name = MasterApplicationUITests;
			productName = MasterApplicationUITests;
			productReference = 36AF374E271C9BF600B721C4 /* MasterApplicationUITests.xctest */;
			productType = "com.apple.product-type.bundle.ui-testing";
		};
/* End PBXNativeTarget section */

/* Begin PBXProject section */
		36AF3723271C9BF500B721C4 /* Project object */ = {
			isa = PBXProject;
			attributes = {
				BuildIndependentTargetsInParallel = 1;
				LastSwiftUpdateCheck = 1300;
				LastUpgradeCheck = 1300;
				TargetAttributes = {
					36AF372A271C9BF500B721C4 = {
						CreatedOnToolsVersion = 13.0;
					};
					36AF3743271C9BF600B721C4 = {
						CreatedOnToolsVersion = 13.0;
						TestTargetID = 36AF372A271C9BF500B721C4;
					};
					36AF374D271C9BF600B721C4 = {
						CreatedOnToolsVersion = 13.0;
						TestTargetID = 36AF372A271C9BF500B721C4;
					};
				};
			};
			buildConfigurationList = 36AF3726271C9BF500B721C4 /* Build configuration list for PBXProject "MasterApplication" */;
			compatibilityVersion = "Xcode 13.0";
			developmentRegion = en;
			hasScannedForEncodings = 0;
			knownRegions = (
				en,
				Base,
			);
			mainGroup = 36AF3722271C9BF500B721C4;
			packageReferences = (
				36BE18EA271EDC5300DA4566 /* XCRemoteSwiftPackageReference "firebase-ios-sdk" */,
				366CACD1273D7D0700B69638 /* XCRemoteSwiftPackageReference "DefaultNetworkOperationPackage" */,
				366CACD7273D7D7D00B69638 /* XCRemoteSwiftPackageReference "lottie-ios" */,
			);
			productRefGroup = 36AF372C271C9BF500B721C4 /* Products */;
			projectDirPath = "";
			projectRoot = "";
			targets = (
				36AF372A271C9BF500B721C4 /* MasterApplication */,
				36AF3743271C9BF600B721C4 /* MasterApplicationTests */,
				36AF374D271C9BF600B721C4 /* MasterApplicationUITests */,
			);
		};
/* End PBXProject section */

/* Begin PBXResourcesBuildPhase section */
		36AF3729271C9BF500B721C4 /* Resources */ = {
			isa = PBXResourcesBuildPhase;
			buildActionMask = 2147483647;
			files = (
				36AF3796271C9C0C00B721C4 /* Roboto-Bold.ttf in Resources */,
				36AF3794271C9C0C00B721C4 /* LICENSE.txt in Resources */,
				366CACD0273D7CAE00B69638 /* loading_animation.json in Resources */,
				36AF3791271C9C0C00B721C4 /* Roboto-BoldItalic.ttf in Resources */,
				36AF378E271C9C0C00B721C4 /* Roboto-Regular.ttf in Resources */,
				36AF3792271C9C0C00B721C4 /* Roboto-LightItalic.ttf in Resources */,
				36AF378C271C9C0C00B721C4 /* Roboto-Medium.ttf in Resources */,
				36AF373E271C9BF600B721C4 /* LaunchScreen.storyboard in Resources */,
				36AF3795271C9C0C00B721C4 /* Roboto-BlackItalic.ttf in Resources */,
				36AF3797271C9C0C00B721C4 /* Roboto-Thin.ttf in Resources */,
				36BE18E9271EDB3C00DA4566 /* GoogleService-Info.plist in Resources */,
				36AF378D271C9C0C00B721C4 /* Roboto-Light.ttf in Resources */,
				36AF3790271C9C0C00B721C4 /* Roboto-ThinItalic.ttf in Resources */,
				36AF3798271C9C0C00B721C4 /* Roboto-Black.ttf in Resources */,
				36AF378F271C9C0C00B721C4 /* Roboto-MediumItalic.ttf in Resources */,
				36AF373B271C9BF600B721C4 /* Assets.xcassets in Resources */,
				36AF3793271C9C0C00B721C4 /* Roboto-Italic.ttf in Resources */,
			);
			runOnlyForDeploymentPostprocessing = 0;
		};
		36AF3742271C9BF600B721C4 /* Resources */ = {
			isa = PBXResourcesBuildPhase;
			buildActionMask = 2147483647;
			files = (
			);
			runOnlyForDeploymentPostprocessing = 0;
		};
		36AF374C271C9BF600B721C4 /* Resources */ = {
			isa = PBXResourcesBuildPhase;
			buildActionMask = 2147483647;
			files = (
			);
			runOnlyForDeploymentPostprocessing = 0;
		};
/* End PBXResourcesBuildPhase section */

/* Begin PBXSourcesBuildPhase section */
		36AF3727271C9BF500B721C4 /* Sources */ = {
			isa = PBXSourcesBuildPhase;
			buildActionMask = 2147483647;
			files = (
				366CACC8273D7C9E00B69638 /* LottieManagerProtocol.swift in Sources */,
				366CACBF273D688F00B69638 /* MainViewDataFormatterProtocol.swift in Sources */,
				3699CE2D27218411002AA011 /* TextFieldViewData.swift in Sources */,
				366CACB3273D647100B69638 /* CharacterDetailServiceProvider.swift in Sources */,
				364A597D27396FEC00F152AF /* BaseViewModel.swift in Sources */,
				366CACB9273D64D200B69638 /* AccessProviderProtocol.swift in Sources */,
				366CACEF273D7E7D00B69638 /* UIApplication+Extension.swift in Sources */,
				36AF372F271C9BF500B721C4 /* AppDelegate.swift in Sources */,
				366CACD6273D7D4900B69638 /* LottieViewController.swift in Sources */,
				361287822720325C008A174B /* LabelPackDistributionData.swift in Sources */,
				36AF3799271C9C0C00B721C4 /* PageViewImages.swift in Sources */,
				366CACED273D7E3500B69638 /* ItemDetailViewData.swift in Sources */,
				366CACEC273D7E3500B69638 /* ItemDetailView.swift in Sources */,
				366CAC91273D518600B69638 /* ContentDisplayerView.swift in Sources */,
				366CACBE273D688F00B69638 /* MainViewDataFormatter.swift in Sources */,
				366CAC80273D4DFF00B69638 /* ItemCollectionCellView.swift in Sources */,
				36AF3739271C9BF500B721C4 /* MasterApplication.xcdatamodeld in Sources */,
				366CACE6273D7DC900B69638 /* ItemDetailDataFormatterProtocol.swift in Sources */,
				3612878D272032E3008A174B /* CustomTableViewProtocol.swift in Sources */,
				36AF378B271C9C0C00B721C4 /* MainFont.swift in Sources */,
				36BE18F1271EF48B00DA4566 /* MainViewModel.swift in Sources */,
				3699CE322721892B002AA011 /* LoginAuthenticationViewData.swift in Sources */,
				3699CE26272181CF002AA011 /* EmailLoginView.swift in Sources */,
				366CACE3273D7DC900B69638 /* ItemDetailViewPresentationType.swift in Sources */,
				366CACBB273D64D200B69638 /* EndpointHelper.swift in Sources */,
				36AF3789271C9C0C00B721C4 /* SplashViewController.swift in Sources */,
				3699CE28272181D8002AA011 /* EmailLoginViewData.swift in Sources */,
				36BE18F5271EF49A00DA4566 /* MainViewBuilder.swift in Sources */,
				366CAC98273D51AD00B69638 /* CustomImageViewComponentData.swift in Sources */,
				36BE1910271F291900DA4566 /* LoginViewModel.swift in Sources */,
				366CAC97273D51AD00B69638 /* CustomImageViewComponentContainer.swift in Sources */,
				36BE18F3271EF49300DA4566 /* MainViewController.swift in Sources */,
				366CAC83273D4DFF00B69638 /* ItemCollectionView.swift in Sources */,
				3612878B272032E3008A174B /* CustomTableViewCellData.swift in Sources */,
				366CAC9D273D51CC00B69638 /* ImageCacheManager.swift in Sources */,
				36BE1903271F208000DA4566 /* TabBarImages.swift in Sources */,
				366CAC87273D50A700B69638 /* EmptyBackgroundViewData.swift in Sources */,
				366CACE8273D7DC900B69638 /* ItemDetailViewModel.swift in Sources */,
				366CACA5273D627000B69638 /* CharacterDataResponse.swift in Sources */,
				366CAC81273D4DFF00B69638 /* LoadingCellView.swift in Sources */,
				366CAC90273D518600B69638 /* ContentDisplayerViewData.swift in Sources */,
				366CACE5273D7DC900B69638 /* ItemDetailViewController.swift in Sources */,
				366CACBA273D64D200B69638 /* AccessProviderManager.swift in Sources */,
				361287A52720826D008A174B /* ActionButtonData.swift in Sources */,
				361287A62720826D008A174B /* ActionButton.swift in Sources */,
				36BE1912271F2E6500DA4566 /* AuthenticationRequest.swift in Sources */,
				361287A42720826D008A174B /* ActionButtonType.swift in Sources */,
				3612879127204084008A174B /* GenericRowType.swift in Sources */,
				366CAC9A273D51AD00B69638 /* CustomImageLoadingType.swift in Sources */,
				36AF3782271C9C0C00B721C4 /* GenericValueProtocol.swift in Sources */,
				366CACA6273D627000B69638 /* CharacterDataRequest.swift in Sources */,
				36AF3784271C9C0C00B721C4 /* BaseTableViewCell.swift in Sources */,
				36BE190C271F290700DA4566 /* LoginViewBuilder.swift in Sources */,
				3612879927204FE5008A174B /* ViewStates.swift in Sources */,
				3612876227202D49008A174B /* AccountViewBuilder.swift in Sources */,
				36AF3786271C9C0C00B721C4 /* GenericBaseView.swift in Sources */,
				36AF3788271C9C0C00B721C4 /* SplashViewBuilder.swift in Sources */,
				3612878A272032E3008A174B /* CustomTableViewCell.swift in Sources */,
				361287832720325C008A174B /* LabelPackComponentData.swift in Sources */,
				36BE1900271F1FA700DA4566 /* MainTabBarBuilder.swift in Sources */,
				366CAC99273D51AD00B69638 /* CustomImageViewComponent.swift in Sources */,
				360F569827208E7700BE47FD /* CustomTableViewData.swift in Sources */,
				36AF378A271C9C0C00B721C4 /* SplashViewModel.swift in Sources */,
				36BE1901271F1FA700DA4566 /* MainTabBarController.swift in Sources */,
				3612878C272032E3008A174B /* CustomTableView.swift in Sources */,
				366CACA4273D627000B69638 /* CharacterDetailRequest.swift in Sources */,
				3612875E27202D2E008A174B /* AccountViewModel.swift in Sources */,
				3612879E27207827008A174B /* HeaderViewData.swift in Sources */,
				366CACA3273D627000B69638 /* PaginationInfo.swift in Sources */,
				366CACC3273D7C7500B69638 /* ApiManagerBuilder.swift in Sources */,
				366CACC9273D7C9E00B69638 /* LottieManager.swift in Sources */,
				366CAC82273D4DFF00B69638 /* ItemCollectionViewData.swift in Sources */,
				366CACCF273D7CAE00B69638 /* AtomicValue.swift in Sources */,
				366CACC4273D7C7500B69638 /* ApiCallListenerManager.swift in Sources */,
				366CACB4273D647100B69638 /* CharacterListServiceProvider.swift in Sources */,
				36BE1909271F255B00DA4566 /* AuthenticationManagerProtocol.swift in Sources */,
				36AF3785271C9C0C00B721C4 /* GenericDataProtocol.swift in Sources */,
				366CAC88273D50A700B69638 /* EmptyBackgroundView.swift in Sources */,
				3699CE2B272183A6002AA011 /* TextFieldView.swift in Sources */,
				36AF3787271C9C0C00B721C4 /* BaseView.swift in Sources */,
				3612878F272033B8008A174B /* SFSymbolsHelper.swift in Sources */,
				3612879C2720781F008A174B /* HeaderView.swift in Sources */,
				3612876027202D3B008A174B /* AccountViewController.swift in Sources */,
				361287A72720826D008A174B /* ActionButtonTheme.swift in Sources */,
				366CACE7273D7DC900B69638 /* ItemDetailViewRequest.swift in Sources */,
				366CACE4273D7DC900B69638 /* ItemDetailDataFormatter.swift in Sources */,
				36BE1907271F237B00DA4566 /* AuthenticationManager.swift in Sources */,
				361287952720454C008A174B /* AccountViewDataFormatterProtocol.swift in Sources */,
				366CAC8A273D50D800B69638 /* BaseCollectionViewCell.swift in Sources */,
				360F56962720853100BE47FD /* UIView+Extentions.swift in Sources */,
				36BE190E271F291000DA4566 /* LoginViewController.swift in Sources */,
				366CACE2273D7DC900B69638 /* ItemDetailViewBuilder.swift in Sources */,
				3699CE3027218923002AA011 /* LoginAuthenticationView.swift in Sources */,
				366CAC8C273D511500B69638 /* ItemProviderProtocol.swift in Sources */,
				361287842720325C008A174B /* LabelPackComponent.swift in Sources */,
				361287932720439D008A174B /* AccountViewDataFormatter.swift in Sources */,
				36AF3783271C9C0C00B721C4 /* BaseViewController.swift in Sources */,
			);
			runOnlyForDeploymentPostprocessing = 0;
		};
		36AF3740271C9BF600B721C4 /* Sources */ = {
			isa = PBXSourcesBuildPhase;
			buildActionMask = 2147483647;
			files = (
				36AF3749271C9BF600B721C4 /* MasterApplicationTests.swift in Sources */,
			);
			runOnlyForDeploymentPostprocessing = 0;
		};
		36AF374A271C9BF600B721C4 /* Sources */ = {
			isa = PBXSourcesBuildPhase;
			buildActionMask = 2147483647;
			files = (
				36AF3753271C9BF600B721C4 /* MasterApplicationUITests.swift in Sources */,
				36AF3755271C9BF600B721C4 /* MasterApplicationUITestsLaunchTests.swift in Sources */,
			);
			runOnlyForDeploymentPostprocessing = 0;
		};
/* End PBXSourcesBuildPhase section */

/* Begin PBXTargetDependency section */
		36AF3746271C9BF600B721C4 /* PBXTargetDependency */ = {
			isa = PBXTargetDependency;
			target = 36AF372A271C9BF500B721C4 /* MasterApplication */;
			targetProxy = 36AF3745271C9BF600B721C4 /* PBXContainerItemProxy */;
		};
		36AF3750271C9BF600B721C4 /* PBXTargetDependency */ = {
			isa = PBXTargetDependency;
			target = 36AF372A271C9BF500B721C4 /* MasterApplication */;
			targetProxy = 36AF374F271C9BF600B721C4 /* PBXContainerItemProxy */;
		};
/* End PBXTargetDependency section */

/* Begin PBXVariantGroup section */
		36AF373C271C9BF600B721C4 /* LaunchScreen.storyboard */ = {
			isa = PBXVariantGroup;
			children = (
				36AF373D271C9BF600B721C4 /* Base */,
			);
			name = LaunchScreen.storyboard;
			sourceTree = "<group>";
		};
/* End PBXVariantGroup section */

/* Begin XCBuildConfiguration section */
		36AF3756271C9BF600B721C4 /* Debug */ = {
			isa = XCBuildConfiguration;
			buildSettings = {
				ALWAYS_SEARCH_USER_PATHS = NO;
				CLANG_ANALYZER_NONNULL = YES;
				CLANG_ANALYZER_NUMBER_OBJECT_CONVERSION = YES_AGGRESSIVE;
				CLANG_CXX_LANGUAGE_STANDARD = "gnu++17";
				CLANG_CXX_LIBRARY = "libc++";
				CLANG_ENABLE_MODULES = YES;
				CLANG_ENABLE_OBJC_ARC = YES;
				CLANG_ENABLE_OBJC_WEAK = YES;
				CLANG_WARN_BLOCK_CAPTURE_AUTORELEASING = YES;
				CLANG_WARN_BOOL_CONVERSION = YES;
				CLANG_WARN_COMMA = YES;
				CLANG_WARN_CONSTANT_CONVERSION = YES;
				CLANG_WARN_DEPRECATED_OBJC_IMPLEMENTATIONS = YES;
				CLANG_WARN_DIRECT_OBJC_ISA_USAGE = YES_ERROR;
				CLANG_WARN_DOCUMENTATION_COMMENTS = YES;
				CLANG_WARN_EMPTY_BODY = YES;
				CLANG_WARN_ENUM_CONVERSION = YES;
				CLANG_WARN_INFINITE_RECURSION = YES;
				CLANG_WARN_INT_CONVERSION = YES;
				CLANG_WARN_NON_LITERAL_NULL_CONVERSION = YES;
				CLANG_WARN_OBJC_IMPLICIT_RETAIN_SELF = YES;
				CLANG_WARN_OBJC_LITERAL_CONVERSION = YES;
				CLANG_WARN_OBJC_ROOT_CLASS = YES_ERROR;
				CLANG_WARN_QUOTED_INCLUDE_IN_FRAMEWORK_HEADER = YES;
				CLANG_WARN_RANGE_LOOP_ANALYSIS = YES;
				CLANG_WARN_STRICT_PROTOTYPES = YES;
				CLANG_WARN_SUSPICIOUS_MOVE = YES;
				CLANG_WARN_UNGUARDED_AVAILABILITY = YES_AGGRESSIVE;
				CLANG_WARN_UNREACHABLE_CODE = YES;
				CLANG_WARN__DUPLICATE_METHOD_MATCH = YES;
				COPY_PHASE_STRIP = NO;
				DEBUG_INFORMATION_FORMAT = dwarf;
				ENABLE_STRICT_OBJC_MSGSEND = YES;
				ENABLE_TESTABILITY = YES;
				GCC_C_LANGUAGE_STANDARD = gnu11;
				GCC_DYNAMIC_NO_PIC = NO;
				GCC_NO_COMMON_BLOCKS = YES;
				GCC_OPTIMIZATION_LEVEL = 0;
				GCC_PREPROCESSOR_DEFINITIONS = (
					"DEBUG=1",
					"$(inherited)",
				);
				GCC_WARN_64_TO_32_BIT_CONVERSION = YES;
				GCC_WARN_ABOUT_RETURN_TYPE = YES_ERROR;
				GCC_WARN_UNDECLARED_SELECTOR = YES;
				GCC_WARN_UNINITIALIZED_AUTOS = YES_AGGRESSIVE;
				GCC_WARN_UNUSED_FUNCTION = YES;
				GCC_WARN_UNUSED_VARIABLE = YES;
				IPHONEOS_DEPLOYMENT_TARGET = 15.0;
				MTL_ENABLE_DEBUG_INFO = INCLUDE_SOURCE;
				MTL_FAST_MATH = YES;
				ONLY_ACTIVE_ARCH = YES;
				SDKROOT = iphoneos;
				SWIFT_ACTIVE_COMPILATION_CONDITIONS = DEBUG;
				SWIFT_OPTIMIZATION_LEVEL = "-Onone";
			};
			name = Debug;
		};
		36AF3757271C9BF600B721C4 /* Release */ = {
			isa = XCBuildConfiguration;
			buildSettings = {
				ALWAYS_SEARCH_USER_PATHS = NO;
				CLANG_ANALYZER_NONNULL = YES;
				CLANG_ANALYZER_NUMBER_OBJECT_CONVERSION = YES_AGGRESSIVE;
				CLANG_CXX_LANGUAGE_STANDARD = "gnu++17";
				CLANG_CXX_LIBRARY = "libc++";
				CLANG_ENABLE_MODULES = YES;
				CLANG_ENABLE_OBJC_ARC = YES;
				CLANG_ENABLE_OBJC_WEAK = YES;
				CLANG_WARN_BLOCK_CAPTURE_AUTORELEASING = YES;
				CLANG_WARN_BOOL_CONVERSION = YES;
				CLANG_WARN_COMMA = YES;
				CLANG_WARN_CONSTANT_CONVERSION = YES;
				CLANG_WARN_DEPRECATED_OBJC_IMPLEMENTATIONS = YES;
				CLANG_WARN_DIRECT_OBJC_ISA_USAGE = YES_ERROR;
				CLANG_WARN_DOCUMENTATION_COMMENTS = YES;
				CLANG_WARN_EMPTY_BODY = YES;
				CLANG_WARN_ENUM_CONVERSION = YES;
				CLANG_WARN_INFINITE_RECURSION = YES;
				CLANG_WARN_INT_CONVERSION = YES;
				CLANG_WARN_NON_LITERAL_NULL_CONVERSION = YES;
				CLANG_WARN_OBJC_IMPLICIT_RETAIN_SELF = YES;
				CLANG_WARN_OBJC_LITERAL_CONVERSION = YES;
				CLANG_WARN_OBJC_ROOT_CLASS = YES_ERROR;
				CLANG_WARN_QUOTED_INCLUDE_IN_FRAMEWORK_HEADER = YES;
				CLANG_WARN_RANGE_LOOP_ANALYSIS = YES;
				CLANG_WARN_STRICT_PROTOTYPES = YES;
				CLANG_WARN_SUSPICIOUS_MOVE = YES;
				CLANG_WARN_UNGUARDED_AVAILABILITY = YES_AGGRESSIVE;
				CLANG_WARN_UNREACHABLE_CODE = YES;
				CLANG_WARN__DUPLICATE_METHOD_MATCH = YES;
				COPY_PHASE_STRIP = NO;
				DEBUG_INFORMATION_FORMAT = "dwarf-with-dsym";
				ENABLE_NS_ASSERTIONS = NO;
				ENABLE_STRICT_OBJC_MSGSEND = YES;
				GCC_C_LANGUAGE_STANDARD = gnu11;
				GCC_NO_COMMON_BLOCKS = YES;
				GCC_WARN_64_TO_32_BIT_CONVERSION = YES;
				GCC_WARN_ABOUT_RETURN_TYPE = YES_ERROR;
				GCC_WARN_UNDECLARED_SELECTOR = YES;
				GCC_WARN_UNINITIALIZED_AUTOS = YES_AGGRESSIVE;
				GCC_WARN_UNUSED_FUNCTION = YES;
				GCC_WARN_UNUSED_VARIABLE = YES;
				IPHONEOS_DEPLOYMENT_TARGET = 15.0;
				MTL_ENABLE_DEBUG_INFO = NO;
				MTL_FAST_MATH = YES;
				SDKROOT = iphoneos;
				SWIFT_COMPILATION_MODE = wholemodule;
				SWIFT_OPTIMIZATION_LEVEL = "-O";
				VALIDATE_PRODUCT = YES;
			};
			name = Release;
		};
		36AF3759271C9BF600B721C4 /* Debug */ = {
			isa = XCBuildConfiguration;
			buildSettings = {
				ASSETCATALOG_COMPILER_APPICON_NAME = AppIcon;
				ASSETCATALOG_COMPILER_GLOBAL_ACCENT_COLOR_NAME = AccentColor;
				CODE_SIGN_STYLE = Automatic;
				CURRENT_PROJECT_VERSION = 1;
				DEVELOPMENT_TEAM = 3T4L3J7Z2K;
				GENERATE_INFOPLIST_FILE = YES;
				INFOPLIST_FILE = MasterApplication/Info.plist;
				INFOPLIST_KEY_CFBundleDisplayName = MasterApplication;
				INFOPLIST_KEY_UIApplicationSupportsIndirectInputEvents = YES;
				INFOPLIST_KEY_UILaunchStoryboardName = LaunchScreen;
				INFOPLIST_KEY_UISupportedInterfaceOrientations_iPad = "UIInterfaceOrientationPortrait UIInterfaceOrientationPortraitUpsideDown UIInterfaceOrientationLandscapeLeft UIInterfaceOrientationLandscapeRight";
				INFOPLIST_KEY_UISupportedInterfaceOrientations_iPhone = "UIInterfaceOrientationPortrait UIInterfaceOrientationLandscapeLeft UIInterfaceOrientationLandscapeRight";
				LD_RUNPATH_SEARCH_PATHS = (
					"$(inherited)",
					"@executable_path/Frameworks",
				);
				MARKETING_VERSION = 1.0;
				PRODUCT_BUNDLE_IDENTIFIER = com.bengianil.MasterApplication;
				PRODUCT_NAME = "$(TARGET_NAME)";
				SWIFT_EMIT_LOC_STRINGS = YES;
				SWIFT_VERSION = 5.0;
				TARGETED_DEVICE_FAMILY = "1,2";
			};
			name = Debug;
		};
		36AF375A271C9BF600B721C4 /* Release */ = {
			isa = XCBuildConfiguration;
			buildSettings = {
				ASSETCATALOG_COMPILER_APPICON_NAME = AppIcon;
				ASSETCATALOG_COMPILER_GLOBAL_ACCENT_COLOR_NAME = AccentColor;
				CODE_SIGN_STYLE = Automatic;
				CURRENT_PROJECT_VERSION = 1;
				DEVELOPMENT_TEAM = 3T4L3J7Z2K;
				GENERATE_INFOPLIST_FILE = YES;
				INFOPLIST_FILE = MasterApplication/Info.plist;
				INFOPLIST_KEY_CFBundleDisplayName = MasterApplication;
				INFOPLIST_KEY_UIApplicationSupportsIndirectInputEvents = YES;
				INFOPLIST_KEY_UILaunchStoryboardName = LaunchScreen;
				INFOPLIST_KEY_UISupportedInterfaceOrientations_iPad = "UIInterfaceOrientationPortrait UIInterfaceOrientationPortraitUpsideDown UIInterfaceOrientationLandscapeLeft UIInterfaceOrientationLandscapeRight";
				INFOPLIST_KEY_UISupportedInterfaceOrientations_iPhone = "UIInterfaceOrientationPortrait UIInterfaceOrientationLandscapeLeft UIInterfaceOrientationLandscapeRight";
				LD_RUNPATH_SEARCH_PATHS = (
					"$(inherited)",
					"@executable_path/Frameworks",
				);
				MARKETING_VERSION = 1.0;
				PRODUCT_BUNDLE_IDENTIFIER = com.bengianil.MasterApplication;
				PRODUCT_NAME = "$(TARGET_NAME)";
				SWIFT_EMIT_LOC_STRINGS = YES;
				SWIFT_VERSION = 5.0;
				TARGETED_DEVICE_FAMILY = "1,2";
			};
			name = Release;
		};
		36AF375C271C9BF600B721C4 /* Debug */ = {
			isa = XCBuildConfiguration;
			buildSettings = {
				ALWAYS_EMBED_SWIFT_STANDARD_LIBRARIES = YES;
				BUNDLE_LOADER = "$(TEST_HOST)";
				CODE_SIGN_STYLE = Automatic;
				CURRENT_PROJECT_VERSION = 1;
				DEVELOPMENT_TEAM = 3T4L3J7Z2K;
				GENERATE_INFOPLIST_FILE = YES;
				IPHONEOS_DEPLOYMENT_TARGET = 15.0;
				LD_RUNPATH_SEARCH_PATHS = (
					"$(inherited)",
					"@executable_path/Frameworks",
					"@loader_path/Frameworks",
				);
				MARKETING_VERSION = 1.0;
				PRODUCT_BUNDLE_IDENTIFIER = com.bengianil.MasterApplicationTests;
				PRODUCT_NAME = "$(TARGET_NAME)";
				SWIFT_EMIT_LOC_STRINGS = NO;
				SWIFT_VERSION = 5.0;
				TARGETED_DEVICE_FAMILY = "1,2";
				TEST_HOST = "$(BUILT_PRODUCTS_DIR)/MasterApplication.app/MasterApplication";
			};
			name = Debug;
		};
		36AF375D271C9BF600B721C4 /* Release */ = {
			isa = XCBuildConfiguration;
			buildSettings = {
				ALWAYS_EMBED_SWIFT_STANDARD_LIBRARIES = YES;
				BUNDLE_LOADER = "$(TEST_HOST)";
				CODE_SIGN_STYLE = Automatic;
				CURRENT_PROJECT_VERSION = 1;
				DEVELOPMENT_TEAM = 3T4L3J7Z2K;
				GENERATE_INFOPLIST_FILE = YES;
				IPHONEOS_DEPLOYMENT_TARGET = 15.0;
				LD_RUNPATH_SEARCH_PATHS = (
					"$(inherited)",
					"@executable_path/Frameworks",
					"@loader_path/Frameworks",
				);
				MARKETING_VERSION = 1.0;
				PRODUCT_BUNDLE_IDENTIFIER = com.bengianil.MasterApplicationTests;
				PRODUCT_NAME = "$(TARGET_NAME)";
				SWIFT_EMIT_LOC_STRINGS = NO;
				SWIFT_VERSION = 5.0;
				TARGETED_DEVICE_FAMILY = "1,2";
				TEST_HOST = "$(BUILT_PRODUCTS_DIR)/MasterApplication.app/MasterApplication";
			};
			name = Release;
		};
		36AF375F271C9BF600B721C4 /* Debug */ = {
			isa = XCBuildConfiguration;
			buildSettings = {
				ALWAYS_EMBED_SWIFT_STANDARD_LIBRARIES = YES;
				CODE_SIGN_STYLE = Automatic;
				CURRENT_PROJECT_VERSION = 1;
				DEVELOPMENT_TEAM = 3T4L3J7Z2K;
				GENERATE_INFOPLIST_FILE = YES;
				LD_RUNPATH_SEARCH_PATHS = (
					"$(inherited)",
					"@executable_path/Frameworks",
					"@loader_path/Frameworks",
				);
				MARKETING_VERSION = 1.0;
				PRODUCT_BUNDLE_IDENTIFIER = com.bengianil.MasterApplicationUITests;
				PRODUCT_NAME = "$(TARGET_NAME)";
				SWIFT_EMIT_LOC_STRINGS = NO;
				SWIFT_VERSION = 5.0;
				TARGETED_DEVICE_FAMILY = "1,2";
				TEST_TARGET_NAME = MasterApplication;
			};
			name = Debug;
		};
		36AF3760271C9BF600B721C4 /* Release */ = {
			isa = XCBuildConfiguration;
			buildSettings = {
				ALWAYS_EMBED_SWIFT_STANDARD_LIBRARIES = YES;
				CODE_SIGN_STYLE = Automatic;
				CURRENT_PROJECT_VERSION = 1;
				DEVELOPMENT_TEAM = 3T4L3J7Z2K;
				GENERATE_INFOPLIST_FILE = YES;
				LD_RUNPATH_SEARCH_PATHS = (
					"$(inherited)",
					"@executable_path/Frameworks",
					"@loader_path/Frameworks",
				);
				MARKETING_VERSION = 1.0;
				PRODUCT_BUNDLE_IDENTIFIER = com.bengianil.MasterApplicationUITests;
				PRODUCT_NAME = "$(TARGET_NAME)";
				SWIFT_EMIT_LOC_STRINGS = NO;
				SWIFT_VERSION = 5.0;
				TARGETED_DEVICE_FAMILY = "1,2";
				TEST_TARGET_NAME = MasterApplication;
			};
			name = Release;
		};
/* End XCBuildConfiguration section */

/* Begin XCConfigurationList section */
		36AF3726271C9BF500B721C4 /* Build configuration list for PBXProject "MasterApplication" */ = {
			isa = XCConfigurationList;
			buildConfigurations = (
				36AF3756271C9BF600B721C4 /* Debug */,
				36AF3757271C9BF600B721C4 /* Release */,
			);
			defaultConfigurationIsVisible = 0;
			defaultConfigurationName = Release;
		};
		36AF3758271C9BF600B721C4 /* Build configuration list for PBXNativeTarget "MasterApplication" */ = {
			isa = XCConfigurationList;
			buildConfigurations = (
				36AF3759271C9BF600B721C4 /* Debug */,
				36AF375A271C9BF600B721C4 /* Release */,
			);
			defaultConfigurationIsVisible = 0;
			defaultConfigurationName = Release;
		};
		36AF375B271C9BF600B721C4 /* Build configuration list for PBXNativeTarget "MasterApplicationTests" */ = {
			isa = XCConfigurationList;
			buildConfigurations = (
				36AF375C271C9BF600B721C4 /* Debug */,
				36AF375D271C9BF600B721C4 /* Release */,
			);
			defaultConfigurationIsVisible = 0;
			defaultConfigurationName = Release;
		};
		36AF375E271C9BF600B721C4 /* Build configuration list for PBXNativeTarget "MasterApplicationUITests" */ = {
			isa = XCConfigurationList;
			buildConfigurations = (
				36AF375F271C9BF600B721C4 /* Debug */,
				36AF3760271C9BF600B721C4 /* Release */,
			);
			defaultConfigurationIsVisible = 0;
			defaultConfigurationName = Release;
		};
/* End XCConfigurationList section */

/* Begin XCRemoteSwiftPackageReference section */
		366CACD1273D7D0700B69638 /* XCRemoteSwiftPackageReference "DefaultNetworkOperationPackage" */ = {
			isa = XCRemoteSwiftPackageReference;
			repositoryURL = "https://github.com/Hepsiburada-mobil-iOS-Bootcamp/DefaultNetworkOperationPackage";
			requirement = {
				branch = main;
				kind = branch;
			};
		};
		366CACD7273D7D7D00B69638 /* XCRemoteSwiftPackageReference "lottie-ios" */ = {
			isa = XCRemoteSwiftPackageReference;
			repositoryURL = "https://github.com/airbnb/lottie-ios";
			requirement = {
				branch = master;
				kind = branch;
			};
		};
		36BE18EA271EDC5300DA4566 /* XCRemoteSwiftPackageReference "firebase-ios-sdk" */ = {
			isa = XCRemoteSwiftPackageReference;
			repositoryURL = "https://github.com/firebase/firebase-ios-sdk";
			requirement = {
				branch = master;
				kind = branch;
			};
		};
/* End XCRemoteSwiftPackageReference section */

/* Begin XCSwiftPackageProductDependency section */
		366CACD2273D7D0700B69638 /* DefaultNetworkOperationPackage */ = {
			isa = XCSwiftPackageProductDependency;
			package = 366CACD1273D7D0700B69638 /* XCRemoteSwiftPackageReference "DefaultNetworkOperationPackage" */;
			productName = DefaultNetworkOperationPackage;
		};
		366CACD8273D7D7D00B69638 /* Lottie */ = {
			isa = XCSwiftPackageProductDependency;
			package = 366CACD7273D7D7D00B69638 /* XCRemoteSwiftPackageReference "lottie-ios" */;
			productName = Lottie;
		};
		36BE18EB271EDC5300DA4566 /* FirebaseAnalytics */ = {
			isa = XCSwiftPackageProductDependency;
			package = 36BE18EA271EDC5300DA4566 /* XCRemoteSwiftPackageReference "firebase-ios-sdk" */;
			productName = FirebaseAnalytics;
		};
		36BE18ED271EDC5300DA4566 /* FirebaseAuth */ = {
			isa = XCSwiftPackageProductDependency;
			package = 36BE18EA271EDC5300DA4566 /* XCRemoteSwiftPackageReference "firebase-ios-sdk" */;
			productName = FirebaseAuth;
		};
/* End XCSwiftPackageProductDependency section */

/* Begin XCVersionGroup section */
		36AF3737271C9BF500B721C4 /* MasterApplication.xcdatamodeld */ = {
			isa = XCVersionGroup;
			children = (
				36AF3738271C9BF500B721C4 /* MasterApplication.xcdatamodel */,
			);
			currentVersion = 36AF3738271C9BF500B721C4 /* MasterApplication.xcdatamodel */;
			path = MasterApplication.xcdatamodeld;
			sourceTree = "<group>";
			versionGroupType = wrapper.xcdatamodel;
		};
/* End XCVersionGroup section */
	};
	rootObject = 36AF3723271C9BF500B721C4 /* Project object */;
}
